// !$*UTF8*$!
{
	archiveVersion = 1;
	classes = {
	};
	objectVersion = 46;
	objects = {

/* Begin PBXBuildFile section */
		5063BC9B1B2C5BEB00FB5558 /* RMXKit.h in Headers */ = {isa = PBXBuildFile; fileRef = 5063BC9A1B2C5BEB00FB5558 /* RMXKit.h */; settings = {ATTRIBUTES = (Public, ); }; };
		5063BCA21B2C5BEB00FB5558 /* RMXKit.framework in Frameworks */ = {isa = PBXBuildFile; fileRef = 5063BC971B2C5BEB00FB5558 /* RMXKit.framework */; };
		5063BCA71B2C5BEB00FB5558 /* RMXKitTests.swift in Sources */ = {isa = PBXBuildFile; fileRef = 5063BCA61B2C5BEB00FB5558 /* RMXKitTests.swift */; };
		5063BCCB1B2C5C5E00FB5558 /* RMXKit.h in Headers */ = {isa = PBXBuildFile; fileRef = 5063BCCA1B2C5C5E00FB5558 /* RMXKit.h */; settings = {ATTRIBUTES = (Public, ); }; };
		5063BCD21B2C5C5E00FB5558 /* RMXKit.framework in Frameworks */ = {isa = PBXBuildFile; fileRef = 5063BCC81B2C5C5E00FB5558 /* RMXKit.framework */; };
		5063BCD71B2C5C5E00FB5558 /* RMXKit_iosTests.swift in Sources */ = {isa = PBXBuildFile; fileRef = 5063BCD61B2C5C5E00FB5558 /* RMXKit_iosTests.swift */; };
		5063BD2B1B2C7CF300FB5558 /* iOS.swift in Sources */ = {isa = PBXBuildFile; fileRef = 5063BD1E1B2C7CF300FB5558 /* iOS.swift */; };
		5063BD2C1B2C7CF300FB5558 /* OSX.swift in Sources */ = {isa = PBXBuildFile; fileRef = 5063BD201B2C7CF300FB5558 /* OSX.swift */; };
		5063BD2E1B2C7CF300FB5558 /* RMSMaths.swift in Sources */ = {isa = PBXBuildFile; fileRef = 5063BD211B2C7CF300FB5558 /* RMSMaths.swift */; };
		5063BD2F1B2C7CF300FB5558 /* RMSMaths.swift in Sources */ = {isa = PBXBuildFile; fileRef = 5063BD211B2C7CF300FB5558 /* RMSMaths.swift */; };
		5063BD301B2C7CF300FB5558 /* RMX.swift in Sources */ = {isa = PBXBuildFile; fileRef = 5063BD221B2C7CF300FB5558 /* RMX.swift */; };
		5063BD311B2C7CF300FB5558 /* RMX.swift in Sources */ = {isa = PBXBuildFile; fileRef = 5063BD221B2C7CF300FB5558 /* RMX.swift */; };
		5063BD321B2C7CF300FB5558 /* RMXAiDelegate.swift in Sources */ = {isa = PBXBuildFile; fileRef = 5063BD231B2C7CF300FB5558 /* RMXAiDelegate.swift */; };
		5063BD331B2C7CF300FB5558 /* RMXAiDelegate.swift in Sources */ = {isa = PBXBuildFile; fileRef = 5063BD231B2C7CF300FB5558 /* RMXAiDelegate.swift */; };
		5063BD341B2C7CF300FB5558 /* RMXDebugger.swift in Sources */ = {isa = PBXBuildFile; fileRef = 5063BD241B2C7CF300FB5558 /* RMXDebugger.swift */; };
		5063BD351B2C7CF300FB5558 /* RMXDebugger.swift in Sources */ = {isa = PBXBuildFile; fileRef = 5063BD241B2C7CF300FB5558 /* RMXDebugger.swift */; };
		5063BD361B2C7CF300FB5558 /* RMXFunctions.swift in Sources */ = {isa = PBXBuildFile; fileRef = 5063BD251B2C7CF300FB5558 /* RMXFunctions.swift */; };
		5063BD371B2C7CF300FB5558 /* RMXFunctions.swift in Sources */ = {isa = PBXBuildFile; fileRef = 5063BD251B2C7CF300FB5558 /* RMXFunctions.swift */; };
		5063BD381B2C7CF300FB5558 /* RMXPawn.swift in Sources */ = {isa = PBXBuildFile; fileRef = 5063BD261B2C7CF300FB5558 /* RMXPawn.swift */; };
		5063BD391B2C7CF300FB5558 /* RMXPawn.swift in Sources */ = {isa = PBXBuildFile; fileRef = 5063BD261B2C7CF300FB5558 /* RMXPawn.swift */; };
		5063BD3A1B2C7CF300FB5558 /* RMXValue.swift in Sources */ = {isa = PBXBuildFile; fileRef = 5063BD271B2C7CF300FB5558 /* RMXValue.swift */; };
		5063BD3B1B2C7CF300FB5558 /* RMXValue.swift in Sources */ = {isa = PBXBuildFile; fileRef = 5063BD271B2C7CF300FB5558 /* RMXValue.swift */; };
		5063BD3C1B2C7CF300FB5558 /* RMXWorld.swift in Sources */ = {isa = PBXBuildFile; fileRef = 5063BD281B2C7CF300FB5558 /* RMXWorld.swift */; };
		5063BD3D1B2C7CF300FB5558 /* RMXWorld.swift in Sources */ = {isa = PBXBuildFile; fileRef = 5063BD281B2C7CF300FB5558 /* RMXWorld.swift */; };
		5063BD3E1B2C7CF300FB5558 /* UserActions.swift in Sources */ = {isa = PBXBuildFile; fileRef = 5063BD291B2C7CF300FB5558 /* UserActions.swift */; };
		5063BD3F1B2C7CF300FB5558 /* UserActions.swift in Sources */ = {isa = PBXBuildFile; fileRef = 5063BD291B2C7CF300FB5558 /* UserActions.swift */; };
		50AFBE311B593D6500462AC1 /* main.swift in Sources */ = {isa = PBXBuildFile; fileRef = 50AFBE301B593D6500462AC1 /* main.swift */; };
		50AFBE3E1B59420F00462AC1 /* Transform.swift in Sources */ = {isa = PBXBuildFile; fileRef = 502AED711B58517900A07A40 /* Transform.swift */; };
		50AFBE3F1B59420F00462AC1 /* IBehaviour.swift in Sources */ = {isa = PBXBuildFile; fileRef = 502AED651B5843EC00A07A40 /* IBehaviour.swift */; };
		50AFBE401B59420F00462AC1 /* MonoBehaviour.swift in Sources */ = {isa = PBXBuildFile; fileRef = 502AED6B1B58509000A07A40 /* MonoBehaviour.swift */; };
		50AFBE411B59420F00462AC1 /* Component.swift in Sources */ = {isa = PBXBuildFile; fileRef = 502AED741B58532400A07A40 /* Component.swift */; };
		50AFBE421B59420F00462AC1 /* GameObject.swift in Sources */ = {isa = PBXBuildFile; fileRef = 502AED681B5845F600A07A40 /* GameObject.swift */; };
		50AFBE441B59434C00462AC1 /* OSX.swift in Sources */ = {isa = PBXBuildFile; fileRef = 5063BD201B2C7CF300FB5558 /* OSX.swift */; };
		50AFBE4B1B5943DB00462AC1 /* RMSMaths.swift in Sources */ = {isa = PBXBuildFile; fileRef = 5063BD211B2C7CF300FB5558 /* RMSMaths.swift */; };
		50AFBE4C1B5943DB00462AC1 /* RMXValue.swift in Sources */ = {isa = PBXBuildFile; fileRef = 5063BD271B2C7CF300FB5558 /* RMXValue.swift */; };
		50AFBE4E1B594B4300462AC1 /* DieWhenTouched.swift in Sources */ = {isa = PBXBuildFile; fileRef = 50AFBE4D1B594B4300462AC1 /* DieWhenTouched.swift */; };
		50AFBE501B594CFF00462AC1 /* MonoObject.swift in Sources */ = {isa = PBXBuildFile; fileRef = 50AFBE4F1B594CFF00462AC1 /* MonoObject.swift */; };
		50AFBE521B59547B00462AC1 /* Mono.swift in Sources */ = {isa = PBXBuildFile; fileRef = 50AFBE511B59547B00462AC1 /* Mono.swift */; };
		6C22DE4B1B386DCC00185DA6 /* RMX.swift in Headers */ = {isa = PBXBuildFile; fileRef = 5063BD221B2C7CF300FB5558 /* RMX.swift */; settings = {ATTRIBUTES = (Public, ); }; };
		6C22DE4C1B386DE000185DA6 /* RMX.swift in Resources */ = {isa = PBXBuildFile; fileRef = 5063BD221B2C7CF300FB5558 /* RMX.swift */; };
		6C22DE531B386F6D00185DA6 /* SCNNode.swift in Headers */ = {isa = PBXBuildFile; fileRef = 6C41E03B1B38637D0082FCC1 /* SCNNode.swift */; settings = {ATTRIBUTES = (Public, ); }; };
		6C22DE551B386F6D00185DA6 /* RMSMaths.swift in Headers */ = {isa = PBXBuildFile; fileRef = 5063BD211B2C7CF300FB5558 /* RMSMaths.swift */; settings = {ATTRIBUTES = (Public, ); }; };
		6C22DE561B386F6D00185DA6 /* RMXAiDelegate.swift in Headers */ = {isa = PBXBuildFile; fileRef = 5063BD231B2C7CF300FB5558 /* RMXAiDelegate.swift */; settings = {ATTRIBUTES = (Public, ); }; };
		6C22DE571B386F6D00185DA6 /* RMXDebugger.swift in Headers */ = {isa = PBXBuildFile; fileRef = 5063BD241B2C7CF300FB5558 /* RMXDebugger.swift */; settings = {ATTRIBUTES = (Public, ); }; };
		6C22DE581B386F6D00185DA6 /* RMXFunctions.swift in Headers */ = {isa = PBXBuildFile; fileRef = 5063BD251B2C7CF300FB5558 /* RMXFunctions.swift */; settings = {ATTRIBUTES = (Public, ); }; };
		6C22DE591B386F6D00185DA6 /* RMXPawn.swift in Headers */ = {isa = PBXBuildFile; fileRef = 5063BD261B2C7CF300FB5558 /* RMXPawn.swift */; settings = {ATTRIBUTES = (Public, ); }; };
		6C22DE5A1B386F6D00185DA6 /* RMXValue.swift in Headers */ = {isa = PBXBuildFile; fileRef = 5063BD271B2C7CF300FB5558 /* RMXValue.swift */; settings = {ATTRIBUTES = (Public, ); }; };
		6C22DE5B1B386F6D00185DA6 /* RMXWorld.swift in Headers */ = {isa = PBXBuildFile; fileRef = 5063BD281B2C7CF300FB5558 /* RMXWorld.swift */; settings = {ATTRIBUTES = (Public, ); }; };
		6C22DE5C1B386F6D00185DA6 /* UserActions.swift in Headers */ = {isa = PBXBuildFile; fileRef = 5063BD291B2C7CF300FB5558 /* UserActions.swift */; settings = {ATTRIBUTES = (Public, ); }; };
		6C22DE5D1B386F7F00185DA6 /* SCNNode.swift in Headers */ = {isa = PBXBuildFile; fileRef = 6C41E03B1B38637D0082FCC1 /* SCNNode.swift */; settings = {ATTRIBUTES = (Public, ); }; };
		6C22DE5E1B386F7F00185DA6 /* iOS.swift in Headers */ = {isa = PBXBuildFile; fileRef = 5063BD1E1B2C7CF300FB5558 /* iOS.swift */; settings = {ATTRIBUTES = (Public, ); }; };
		6C22DE5F1B386F7F00185DA6 /* RMX.swift in Headers */ = {isa = PBXBuildFile; fileRef = 5063BD221B2C7CF300FB5558 /* RMX.swift */; settings = {ATTRIBUTES = (Public, ); }; };
		6C22DE601B386F7F00185DA6 /* RMSMaths.swift in Headers */ = {isa = PBXBuildFile; fileRef = 5063BD211B2C7CF300FB5558 /* RMSMaths.swift */; settings = {ATTRIBUTES = (Public, ); }; };
		6C22DE611B386F7F00185DA6 /* RMXAiDelegate.swift in Headers */ = {isa = PBXBuildFile; fileRef = 5063BD231B2C7CF300FB5558 /* RMXAiDelegate.swift */; settings = {ATTRIBUTES = (Public, ); }; };
		6C22DE621B386F7F00185DA6 /* RMXDebugger.swift in Headers */ = {isa = PBXBuildFile; fileRef = 5063BD241B2C7CF300FB5558 /* RMXDebugger.swift */; settings = {ATTRIBUTES = (Public, ); }; };
		6C22DE631B386F8000185DA6 /* RMXFunctions.swift in Headers */ = {isa = PBXBuildFile; fileRef = 5063BD251B2C7CF300FB5558 /* RMXFunctions.swift */; settings = {ATTRIBUTES = (Public, ); }; };
		6C22DE641B386F8000185DA6 /* RMXPawn.swift in Headers */ = {isa = PBXBuildFile; fileRef = 5063BD261B2C7CF300FB5558 /* RMXPawn.swift */; settings = {ATTRIBUTES = (Public, ); }; };
		6C22DE651B386F8000185DA6 /* RMXValue.swift in Headers */ = {isa = PBXBuildFile; fileRef = 5063BD271B2C7CF300FB5558 /* RMXValue.swift */; settings = {ATTRIBUTES = (Public, ); }; };
		6C22DE661B386F8000185DA6 /* RMXWorld.swift in Headers */ = {isa = PBXBuildFile; fileRef = 5063BD281B2C7CF300FB5558 /* RMXWorld.swift */; settings = {ATTRIBUTES = (Public, ); }; };
		6C22DE671B386F8000185DA6 /* UserActions.swift in Headers */ = {isa = PBXBuildFile; fileRef = 5063BD291B2C7CF300FB5558 /* UserActions.swift */; settings = {ATTRIBUTES = (Public, ); }; };
		6C41E03C1B38637D0082FCC1 /* SCNNode.swift in Sources */ = {isa = PBXBuildFile; fileRef = 6C41E03B1B38637D0082FCC1 /* SCNNode.swift */; };
		6C41E03D1B38637D0082FCC1 /* SCNNode.swift in Sources */ = {isa = PBXBuildFile; fileRef = 6C41E03B1B38637D0082FCC1 /* SCNNode.swift */; };
/* End PBXBuildFile section */

/* Begin PBXContainerItemProxy section */
		5063BCA31B2C5BEB00FB5558 /* PBXContainerItemProxy */ = {
			isa = PBXContainerItemProxy;
			containerPortal = 5063BC8E1B2C5BEB00FB5558 /* Project object */;
			proxyType = 1;
			remoteGlobalIDString = 5063BC961B2C5BEB00FB5558;
			remoteInfo = RMXKit;
		};
		5063BCD31B2C5C5E00FB5558 /* PBXContainerItemProxy */ = {
			isa = PBXContainerItemProxy;
			containerPortal = 5063BC8E1B2C5BEB00FB5558 /* Project object */;
			proxyType = 1;
			remoteGlobalIDString = 5063BCC71B2C5C5E00FB5558;
			remoteInfo = "RMXKit-ios";
		};
/* End PBXContainerItemProxy section */

/* Begin PBXCopyFilesBuildPhase section */
		50AFBE2C1B593D6500462AC1 /* CopyFiles */ = {
			isa = PBXCopyFilesBuildPhase;
			buildActionMask = 2147483647;
			dstPath = /usr/share/man/man1/;
			dstSubfolderSpec = 0;
			files = (
			);
			runOnlyForDeploymentPostprocessing = 1;
		};
/* End PBXCopyFilesBuildPhase section */

/* Begin PBXFileReference section */
		502AED651B5843EC00A07A40 /* IBehaviour.swift */ = {isa = PBXFileReference; fileEncoding = 4; lastKnownFileType = sourcecode.swift; name = IBehaviour.swift; path = ../../Source/IBehaviour.swift; sourceTree = "<group>"; };
		502AED681B5845F600A07A40 /* GameObject.swift */ = {isa = PBXFileReference; fileEncoding = 4; lastKnownFileType = sourcecode.swift; name = GameObject.swift; path = ../../Source/GameObject.swift; sourceTree = "<group>"; };
		502AED6B1B58509000A07A40 /* MonoBehaviour.swift */ = {isa = PBXFileReference; fileEncoding = 4; lastKnownFileType = sourcecode.swift; name = MonoBehaviour.swift; path = ../../Source/MonoBehaviour.swift; sourceTree = "<group>"; };
		502AED711B58517900A07A40 /* Transform.swift */ = {isa = PBXFileReference; fileEncoding = 4; lastKnownFileType = sourcecode.swift; name = Transform.swift; path = ../../Source/Transform.swift; sourceTree = "<group>"; };
		502AED741B58532400A07A40 /* Component.swift */ = {isa = PBXFileReference; fileEncoding = 4; lastKnownFileType = sourcecode.swift; name = Component.swift; path = ../../Source/Component.swift; sourceTree = "<group>"; };
		5063BC971B2C5BEB00FB5558 /* RMXKit.framework */ = {isa = PBXFileReference; explicitFileType = wrapper.framework; includeInIndex = 0; path = RMXKit.framework; sourceTree = BUILT_PRODUCTS_DIR; };
		5063BC9A1B2C5BEB00FB5558 /* RMXKit.h */ = {isa = PBXFileReference; lastKnownFileType = sourcecode.c.h; path = RMXKit.h; sourceTree = "<group>"; };
		5063BC9C1B2C5BEB00FB5558 /* Info.plist */ = {isa = PBXFileReference; lastKnownFileType = text.plist.xml; path = Info.plist; sourceTree = "<group>"; };
		5063BCA11B2C5BEB00FB5558 /* RMXKitTests.xctest */ = {isa = PBXFileReference; explicitFileType = wrapper.cfbundle; includeInIndex = 0; path = RMXKitTests.xctest; sourceTree = BUILT_PRODUCTS_DIR; };
		5063BCA61B2C5BEB00FB5558 /* RMXKitTests.swift */ = {isa = PBXFileReference; lastKnownFileType = sourcecode.swift; path = RMXKitTests.swift; sourceTree = "<group>"; };
		5063BCA81B2C5BEB00FB5558 /* Info.plist */ = {isa = PBXFileReference; lastKnownFileType = text.plist.xml; path = Info.plist; sourceTree = "<group>"; };
		5063BCC81B2C5C5E00FB5558 /* RMXKit.framework */ = {isa = PBXFileReference; explicitFileType = wrapper.framework; includeInIndex = 0; path = RMXKit.framework; sourceTree = BUILT_PRODUCTS_DIR; };
		5063BCCA1B2C5C5E00FB5558 /* RMXKit.h */ = {isa = PBXFileReference; lastKnownFileType = sourcecode.c.h; path = RMXKit.h; sourceTree = "<group>"; };
		5063BCCC1B2C5C5E00FB5558 /* Info.plist */ = {isa = PBXFileReference; lastKnownFileType = text.plist.xml; path = Info.plist; sourceTree = "<group>"; };
		5063BCD11B2C5C5E00FB5558 /* RMXKit-iosTests.xctest */ = {isa = PBXFileReference; explicitFileType = wrapper.cfbundle; includeInIndex = 0; path = "RMXKit-iosTests.xctest"; sourceTree = BUILT_PRODUCTS_DIR; };
		5063BCD61B2C5C5E00FB5558 /* RMXKit_iosTests.swift */ = {isa = PBXFileReference; lastKnownFileType = sourcecode.swift; path = RMXKit_iosTests.swift; sourceTree = "<group>"; };
		5063BCD81B2C5C5E00FB5558 /* Info.plist */ = {isa = PBXFileReference; lastKnownFileType = text.plist.xml; path = Info.plist; sourceTree = "<group>"; };
		5063BD1E1B2C7CF300FB5558 /* iOS.swift */ = {isa = PBXFileReference; fileEncoding = 4; lastKnownFileType = sourcecode.swift; path = iOS.swift; sourceTree = "<group>"; };
		5063BD201B2C7CF300FB5558 /* OSX.swift */ = {isa = PBXFileReference; fileEncoding = 4; lastKnownFileType = sourcecode.swift; path = OSX.swift; sourceTree = "<group>"; };
		5063BD211B2C7CF300FB5558 /* RMSMaths.swift */ = {isa = PBXFileReference; fileEncoding = 4; lastKnownFileType = sourcecode.swift; path = RMSMaths.swift; sourceTree = "<group>"; };
		5063BD221B2C7CF300FB5558 /* RMX.swift */ = {isa = PBXFileReference; fileEncoding = 4; lastKnownFileType = sourcecode.swift; path = RMX.swift; sourceTree = "<group>"; };
		5063BD231B2C7CF300FB5558 /* RMXAiDelegate.swift */ = {isa = PBXFileReference; fileEncoding = 4; lastKnownFileType = sourcecode.swift; path = RMXAiDelegate.swift; sourceTree = "<group>"; };
		5063BD241B2C7CF300FB5558 /* RMXDebugger.swift */ = {isa = PBXFileReference; fileEncoding = 4; lastKnownFileType = sourcecode.swift; path = RMXDebugger.swift; sourceTree = "<group>"; };
		5063BD251B2C7CF300FB5558 /* RMXFunctions.swift */ = {isa = PBXFileReference; fileEncoding = 4; lastKnownFileType = sourcecode.swift; path = RMXFunctions.swift; sourceTree = "<group>"; };
		5063BD261B2C7CF300FB5558 /* RMXPawn.swift */ = {isa = PBXFileReference; fileEncoding = 4; lastKnownFileType = sourcecode.swift; path = RMXPawn.swift; sourceTree = "<group>"; };
		5063BD271B2C7CF300FB5558 /* RMXValue.swift */ = {isa = PBXFileReference; fileEncoding = 4; lastKnownFileType = sourcecode.swift; path = RMXValue.swift; sourceTree = "<group>"; };
		5063BD281B2C7CF300FB5558 /* RMXWorld.swift */ = {isa = PBXFileReference; fileEncoding = 4; lastKnownFileType = sourcecode.swift; path = RMXWorld.swift; sourceTree = "<group>"; };
		5063BD291B2C7CF300FB5558 /* UserActions.swift */ = {isa = PBXFileReference; fileEncoding = 4; lastKnownFileType = sourcecode.swift; path = UserActions.swift; sourceTree = "<group>"; };
		50AFBE2E1B593D6500462AC1 /* RMXUnity */ = {isa = PBXFileReference; explicitFileType = "compiled.mach-o.executable"; includeInIndex = 0; path = RMXUnity; sourceTree = BUILT_PRODUCTS_DIR; };
		50AFBE301B593D6500462AC1 /* main.swift */ = {isa = PBXFileReference; lastKnownFileType = sourcecode.swift; path = main.swift; sourceTree = "<group>"; };
		50AFBE4D1B594B4300462AC1 /* DieWhenTouched.swift */ = {isa = PBXFileReference; fileEncoding = 4; lastKnownFileType = sourcecode.swift; name = DieWhenTouched.swift; path = Scripts/DieWhenTouched.swift; sourceTree = "<group>"; };
		50AFBE4F1B594CFF00462AC1 /* MonoObject.swift */ = {isa = PBXFileReference; fileEncoding = 4; lastKnownFileType = sourcecode.swift; path = MonoObject.swift; sourceTree = "<group>"; };
		50AFBE511B59547B00462AC1 /* Mono.swift */ = {isa = PBXFileReference; fileEncoding = 4; lastKnownFileType = sourcecode.swift; path = Mono.swift; sourceTree = "<group>"; };
		6C41E03B1B38637D0082FCC1 /* SCNNode.swift */ = {isa = PBXFileReference; fileEncoding = 4; lastKnownFileType = sourcecode.swift; path = SCNNode.swift; sourceTree = "<group>"; };
/* End PBXFileReference section */

/* Begin PBXFrameworksBuildPhase section */
		5063BC931B2C5BEB00FB5558 /* Frameworks */ = {
			isa = PBXFrameworksBuildPhase;
			buildActionMask = 2147483647;
			files = (
			);
			runOnlyForDeploymentPostprocessing = 0;
		};
		5063BC9E1B2C5BEB00FB5558 /* Frameworks */ = {
			isa = PBXFrameworksBuildPhase;
			buildActionMask = 2147483647;
			files = (
				5063BCA21B2C5BEB00FB5558 /* RMXKit.framework in Frameworks */,
			);
			runOnlyForDeploymentPostprocessing = 0;
		};
		5063BCC41B2C5C5E00FB5558 /* Frameworks */ = {
			isa = PBXFrameworksBuildPhase;
			buildActionMask = 2147483647;
			files = (
			);
			runOnlyForDeploymentPostprocessing = 0;
		};
		5063BCCE1B2C5C5E00FB5558 /* Frameworks */ = {
			isa = PBXFrameworksBuildPhase;
			buildActionMask = 2147483647;
			files = (
				5063BCD21B2C5C5E00FB5558 /* RMXKit.framework in Frameworks */,
			);
			runOnlyForDeploymentPostprocessing = 0;
		};
		50AFBE2B1B593D6500462AC1 /* Frameworks */ = {
			isa = PBXFrameworksBuildPhase;
			buildActionMask = 2147483647;
			files = (
			);
			runOnlyForDeploymentPostprocessing = 0;
		};
/* End PBXFrameworksBuildPhase section */

/* Begin PBXGroup section */
		502AED6E1B58516100A07A40 /* Unity */ = {
			isa = PBXGroup;
			children = (
			);
			name = Unity;
			sourceTree = "<group>";
		};
		5063BC8D1B2C5BEB00FB5558 = {
			isa = PBXGroup;
			children = (
				5063BD1C1B2C7CF300FB5558 /* Source */,
				5063BC991B2C5BEB00FB5558 /* RMXKit */,
				5063BCA51B2C5BEB00FB5558 /* RMXKitTests */,
				5063BCC91B2C5C5E00FB5558 /* RMXKit-ios */,
				5063BCD51B2C5C5E00FB5558 /* RMXKit-iosTests */,
				50AFBE2F1B593D6500462AC1 /* RMXUnity */,
				5063BC981B2C5BEB00FB5558 /* Products */,
			);
			sourceTree = "<group>";
		};
		5063BC981B2C5BEB00FB5558 /* Products */ = {
			isa = PBXGroup;
			children = (
				5063BC971B2C5BEB00FB5558 /* RMXKit.framework */,
				5063BCA11B2C5BEB00FB5558 /* RMXKitTests.xctest */,
				5063BCC81B2C5C5E00FB5558 /* RMXKit.framework */,
				5063BCD11B2C5C5E00FB5558 /* RMXKit-iosTests.xctest */,
				50AFBE2E1B593D6500462AC1 /* RMXUnity */,
			);
			name = Products;
			sourceTree = "<group>";
		};
		5063BC991B2C5BEB00FB5558 /* RMXKit */ = {
			isa = PBXGroup;
			children = (
				5063BC9A1B2C5BEB00FB5558 /* RMXKit.h */,
				5063BC9C1B2C5BEB00FB5558 /* Info.plist */,
			);
			path = RMXKit;
			sourceTree = "<group>";
		};
		5063BCA51B2C5BEB00FB5558 /* RMXKitTests */ = {
			isa = PBXGroup;
			children = (
				5063BCA61B2C5BEB00FB5558 /* RMXKitTests.swift */,
				5063BCA81B2C5BEB00FB5558 /* Info.plist */,
			);
			path = RMXKitTests;
			sourceTree = "<group>";
		};
		5063BCC91B2C5C5E00FB5558 /* RMXKit-ios */ = {
			isa = PBXGroup;
			children = (
				5063BCCA1B2C5C5E00FB5558 /* RMXKit.h */,
				5063BCCC1B2C5C5E00FB5558 /* Info.plist */,
			);
			path = "RMXKit-ios";
			sourceTree = "<group>";
		};
		5063BCD51B2C5C5E00FB5558 /* RMXKit-iosTests */ = {
			isa = PBXGroup;
			children = (
				5063BCD61B2C5C5E00FB5558 /* RMXKit_iosTests.swift */,
				5063BCD81B2C5C5E00FB5558 /* Info.plist */,
			);
			path = "RMXKit-iosTests";
			sourceTree = "<group>";
		};
		5063BD1C1B2C7CF300FB5558 /* Source */ = {
			isa = PBXGroup;
			children = (
				502AED6E1B58516100A07A40 /* Unity */,
				6C41E03A1B38637D0082FCC1 /* SceneKit */,
				5063BD1D1B2C7CF300FB5558 /* iOS */,
				5063BD1F1B2C7CF300FB5558 /* OSX */,
				5063BD221B2C7CF300FB5558 /* RMX.swift */,
				5063BD211B2C7CF300FB5558 /* RMSMaths.swift */,
				5063BD231B2C7CF300FB5558 /* RMXAiDelegate.swift */,
				5063BD241B2C7CF300FB5558 /* RMXDebugger.swift */,
				5063BD251B2C7CF300FB5558 /* RMXFunctions.swift */,
				5063BD261B2C7CF300FB5558 /* RMXPawn.swift */,
				5063BD271B2C7CF300FB5558 /* RMXValue.swift */,
				5063BD281B2C7CF300FB5558 /* RMXWorld.swift */,
				5063BD291B2C7CF300FB5558 /* UserActions.swift */,
			);
			name = Source;
			path = ../Source;
			sourceTree = "<group>";
		};
		5063BD1D1B2C7CF300FB5558 /* iOS */ = {
			isa = PBXGroup;
			children = (
				5063BD1E1B2C7CF300FB5558 /* iOS.swift */,
			);
			path = iOS;
			sourceTree = "<group>";
		};
		5063BD1F1B2C7CF300FB5558 /* OSX */ = {
			isa = PBXGroup;
			children = (
				5063BD201B2C7CF300FB5558 /* OSX.swift */,
			);
			path = OSX;
			sourceTree = "<group>";
		};
		50AFBE2F1B593D6500462AC1 /* RMXUnity */ = {
			isa = PBXGroup;
			children = (
				502AED711B58517900A07A40 /* Transform.swift */,
				502AED651B5843EC00A07A40 /* IBehaviour.swift */,
				502AED6B1B58509000A07A40 /* MonoBehaviour.swift */,
				502AED741B58532400A07A40 /* Component.swift */,
				502AED681B5845F600A07A40 /* GameObject.swift */,
				50AFBE301B593D6500462AC1 /* main.swift */,
				50AFBE511B59547B00462AC1 /* Mono.swift */,
				50AFBE4D1B594B4300462AC1 /* DieWhenTouched.swift */,
				50AFBE4F1B594CFF00462AC1 /* MonoObject.swift */,
			);
			path = RMXUnity;
			sourceTree = "<group>";
		};
		6C41E03A1B38637D0082FCC1 /* SceneKit */ = {
			isa = PBXGroup;
			children = (
				6C41E03B1B38637D0082FCC1 /* SCNNode.swift */,
			);
			path = SceneKit;
			sourceTree = "<group>";
		};
/* End PBXGroup section */

/* Begin PBXHeadersBuildPhase section */
		5063BC941B2C5BEB00FB5558 /* Headers */ = {
			isa = PBXHeadersBuildPhase;
			buildActionMask = 2147483647;
			files = (
				5063BC9B1B2C5BEB00FB5558 /* RMXKit.h in Headers */,
				6C22DE4B1B386DCC00185DA6 /* RMX.swift in Headers */,
				6C22DE531B386F6D00185DA6 /* SCNNode.swift in Headers */,
				6C22DE551B386F6D00185DA6 /* RMSMaths.swift in Headers */,
				6C22DE561B386F6D00185DA6 /* RMXAiDelegate.swift in Headers */,
				6C22DE571B386F6D00185DA6 /* RMXDebugger.swift in Headers */,
				6C22DE581B386F6D00185DA6 /* RMXFunctions.swift in Headers */,
				6C22DE591B386F6D00185DA6 /* RMXPawn.swift in Headers */,
				6C22DE5A1B386F6D00185DA6 /* RMXValue.swift in Headers */,
				6C22DE5B1B386F6D00185DA6 /* RMXWorld.swift in Headers */,
				6C22DE5C1B386F6D00185DA6 /* UserActions.swift in Headers */,
			);
			runOnlyForDeploymentPostprocessing = 0;
		};
		5063BCC51B2C5C5E00FB5558 /* Headers */ = {
			isa = PBXHeadersBuildPhase;
			buildActionMask = 2147483647;
			files = (
				5063BCCB1B2C5C5E00FB5558 /* RMXKit.h in Headers */,
				6C22DE5D1B386F7F00185DA6 /* SCNNode.swift in Headers */,
				6C22DE5E1B386F7F00185DA6 /* iOS.swift in Headers */,
				6C22DE5F1B386F7F00185DA6 /* RMX.swift in Headers */,
				6C22DE601B386F7F00185DA6 /* RMSMaths.swift in Headers */,
				6C22DE611B386F7F00185DA6 /* RMXAiDelegate.swift in Headers */,
				6C22DE621B386F7F00185DA6 /* RMXDebugger.swift in Headers */,
				6C22DE631B386F8000185DA6 /* RMXFunctions.swift in Headers */,
				6C22DE641B386F8000185DA6 /* RMXPawn.swift in Headers */,
				6C22DE651B386F8000185DA6 /* RMXValue.swift in Headers */,
				6C22DE661B386F8000185DA6 /* RMXWorld.swift in Headers */,
				6C22DE671B386F8000185DA6 /* UserActions.swift in Headers */,
			);
			runOnlyForDeploymentPostprocessing = 0;
		};
/* End PBXHeadersBuildPhase section */

/* Begin PBXNativeTarget section */
		5063BC961B2C5BEB00FB5558 /* RMXKit */ = {
			isa = PBXNativeTarget;
			buildConfigurationList = 5063BCAB1B2C5BEB00FB5558 /* Build configuration list for PBXNativeTarget "RMXKit" */;
			buildPhases = (
				5063BC921B2C5BEB00FB5558 /* Sources */,
				5063BC931B2C5BEB00FB5558 /* Frameworks */,
				5063BC941B2C5BEB00FB5558 /* Headers */,
				5063BC951B2C5BEB00FB5558 /* Resources */,
			);
			buildRules = (
			);
			dependencies = (
			);
			name = RMXKit;
			productName = RMXKit;
			productReference = 5063BC971B2C5BEB00FB5558 /* RMXKit.framework */;
			productType = "com.apple.product-type.framework";
		};
		5063BCA01B2C5BEB00FB5558 /* RMXKitTests */ = {
			isa = PBXNativeTarget;
			buildConfigurationList = 5063BCAE1B2C5BEB00FB5558 /* Build configuration list for PBXNativeTarget "RMXKitTests" */;
			buildPhases = (
				5063BC9D1B2C5BEB00FB5558 /* Sources */,
				5063BC9E1B2C5BEB00FB5558 /* Frameworks */,
				5063BC9F1B2C5BEB00FB5558 /* Resources */,
			);
			buildRules = (
			);
			dependencies = (
				5063BCA41B2C5BEB00FB5558 /* PBXTargetDependency */,
			);
			name = RMXKitTests;
			productName = RMXKitTests;
			productReference = 5063BCA11B2C5BEB00FB5558 /* RMXKitTests.xctest */;
			productType = "com.apple.product-type.bundle.unit-test";
		};
		5063BCC71B2C5C5E00FB5558 /* RMXKit-ios */ = {
			isa = PBXNativeTarget;
			buildConfigurationList = 5063BCD91B2C5C5E00FB5558 /* Build configuration list for PBXNativeTarget "RMXKit-ios" */;
			buildPhases = (
				5063BCC31B2C5C5E00FB5558 /* Sources */,
				5063BCC41B2C5C5E00FB5558 /* Frameworks */,
				5063BCC51B2C5C5E00FB5558 /* Headers */,
				5063BCC61B2C5C5E00FB5558 /* Resources */,
			);
			buildRules = (
			);
			dependencies = (
			);
			name = "RMXKit-ios";
			productName = "RMXKit-ios";
			productReference = 5063BCC81B2C5C5E00FB5558 /* RMXKit.framework */;
			productType = "com.apple.product-type.framework";
		};
		5063BCD01B2C5C5E00FB5558 /* RMXKit-iosTests */ = {
			isa = PBXNativeTarget;
			buildConfigurationList = 5063BCDC1B2C5C5E00FB5558 /* Build configuration list for PBXNativeTarget "RMXKit-iosTests" */;
			buildPhases = (
				5063BCCD1B2C5C5E00FB5558 /* Sources */,
				5063BCCE1B2C5C5E00FB5558 /* Frameworks */,
				5063BCCF1B2C5C5E00FB5558 /* Resources */,
			);
			buildRules = (
			);
			dependencies = (
				5063BCD41B2C5C5E00FB5558 /* PBXTargetDependency */,
			);
			name = "RMXKit-iosTests";
			productName = "RMXKit-iosTests";
			productReference = 5063BCD11B2C5C5E00FB5558 /* RMXKit-iosTests.xctest */;
			productType = "com.apple.product-type.bundle.unit-test";
		};
		50AFBE2D1B593D6500462AC1 /* RMXUnity */ = {
			isa = PBXNativeTarget;
			buildConfigurationList = 50AFBE321B593D6500462AC1 /* Build configuration list for PBXNativeTarget "RMXUnity" */;
			buildPhases = (
				50AFBE2A1B593D6500462AC1 /* Sources */,
				50AFBE2B1B593D6500462AC1 /* Frameworks */,
				50AFBE2C1B593D6500462AC1 /* CopyFiles */,
			);
			buildRules = (
			);
			dependencies = (
			);
			name = RMXUnity;
			productName = RMXUnity;
			productReference = 50AFBE2E1B593D6500462AC1 /* RMXUnity */;
			productType = "com.apple.product-type.tool";
		};
/* End PBXNativeTarget section */

/* Begin PBXProject section */
		5063BC8E1B2C5BEB00FB5558 /* Project object */ = {
			isa = PBXProject;
			attributes = {
				LastSwiftUpdateCheck = 0700;
				LastUpgradeCheck = 0700;
				ORGANIZATIONNAME = "Rattle Media Ltd";
				TargetAttributes = {
					5063BC961B2C5BEB00FB5558 = {
						CreatedOnToolsVersion = 7.0;
						DevelopmentTeam = 668T39KN4E;
					};
					5063BCA01B2C5BEB00FB5558 = {
						CreatedOnToolsVersion = 7.0;
					};
					5063BCC71B2C5C5E00FB5558 = {
						CreatedOnToolsVersion = 7.0;
						DevelopmentTeam = 668T39KN4E;
					};
					5063BCD01B2C5C5E00FB5558 = {
						CreatedOnToolsVersion = 7.0;
					};
					50AFBE2D1B593D6500462AC1 = {
						CreatedOnToolsVersion = 7.0;
					};
				};
			};
			buildConfigurationList = 5063BC911B2C5BEB00FB5558 /* Build configuration list for PBXProject "RMXKit" */;
			compatibilityVersion = "Xcode 3.2";
			developmentRegion = English;
			hasScannedForEncodings = 0;
			knownRegions = (
				en,
			);
			mainGroup = 5063BC8D1B2C5BEB00FB5558;
			productRefGroup = 5063BC981B2C5BEB00FB5558 /* Products */;
			projectDirPath = "";
			projectRoot = "";
			targets = (
				5063BC961B2C5BEB00FB5558 /* RMXKit */,
				5063BCA01B2C5BEB00FB5558 /* RMXKitTests */,
				5063BCC71B2C5C5E00FB5558 /* RMXKit-ios */,
				5063BCD01B2C5C5E00FB5558 /* RMXKit-iosTests */,
				50AFBE2D1B593D6500462AC1 /* RMXUnity */,
			);
		};
/* End PBXProject section */

/* Begin PBXResourcesBuildPhase section */
		5063BC951B2C5BEB00FB5558 /* Resources */ = {
			isa = PBXResourcesBuildPhase;
			buildActionMask = 2147483647;
			files = (
				6C22DE4C1B386DE000185DA6 /* RMX.swift in Resources */,
			);
			runOnlyForDeploymentPostprocessing = 0;
		};
		5063BC9F1B2C5BEB00FB5558 /* Resources */ = {
			isa = PBXResourcesBuildPhase;
			buildActionMask = 2147483647;
			files = (
			);
			runOnlyForDeploymentPostprocessing = 0;
		};
		5063BCC61B2C5C5E00FB5558 /* Resources */ = {
			isa = PBXResourcesBuildPhase;
			buildActionMask = 2147483647;
			files = (
			);
			runOnlyForDeploymentPostprocessing = 0;
		};
		5063BCCF1B2C5C5E00FB5558 /* Resources */ = {
			isa = PBXResourcesBuildPhase;
			buildActionMask = 2147483647;
			files = (
			);
			runOnlyForDeploymentPostprocessing = 0;
		};
/* End PBXResourcesBuildPhase section */

/* Begin PBXSourcesBuildPhase section */
		5063BC921B2C5BEB00FB5558 /* Sources */ = {
			isa = PBXSourcesBuildPhase;
			buildActionMask = 2147483647;
			files = (
				5063BD3A1B2C7CF300FB5558 /* RMXValue.swift in Sources */,
				5063BD341B2C7CF300FB5558 /* RMXDebugger.swift in Sources */,
				5063BD361B2C7CF300FB5558 /* RMXFunctions.swift in Sources */,
				5063BD2C1B2C7CF300FB5558 /* OSX.swift in Sources */,
				5063BD3C1B2C7CF300FB5558 /* RMXWorld.swift in Sources */,
				5063BD321B2C7CF300FB5558 /* RMXAiDelegate.swift in Sources */,
				5063BD3E1B2C7CF300FB5558 /* UserActions.swift in Sources */,
				5063BD381B2C7CF300FB5558 /* RMXPawn.swift in Sources */,
				5063BD2E1B2C7CF300FB5558 /* RMSMaths.swift in Sources */,
				6C41E03C1B38637D0082FCC1 /* SCNNode.swift in Sources */,
				5063BD301B2C7CF300FB5558 /* RMX.swift in Sources */,
			);
			runOnlyForDeploymentPostprocessing = 0;
		};
		5063BC9D1B2C5BEB00FB5558 /* Sources */ = {
			isa = PBXSourcesBuildPhase;
			buildActionMask = 2147483647;
			files = (
				5063BCA71B2C5BEB00FB5558 /* RMXKitTests.swift in Sources */,
			);
			runOnlyForDeploymentPostprocessing = 0;
		};
		5063BCC31B2C5C5E00FB5558 /* Sources */ = {
			isa = PBXSourcesBuildPhase;
			buildActionMask = 2147483647;
			files = (
				5063BD3B1B2C7CF300FB5558 /* RMXValue.swift in Sources */,
				5063BD351B2C7CF300FB5558 /* RMXDebugger.swift in Sources */,
				5063BD371B2C7CF300FB5558 /* RMXFunctions.swift in Sources */,
				5063BD3D1B2C7CF300FB5558 /* RMXWorld.swift in Sources */,
				5063BD331B2C7CF300FB5558 /* RMXAiDelegate.swift in Sources */,
				5063BD2B1B2C7CF300FB5558 /* iOS.swift in Sources */,
				5063BD3F1B2C7CF300FB5558 /* UserActions.swift in Sources */,
				5063BD391B2C7CF300FB5558 /* RMXPawn.swift in Sources */,
				6C41E03D1B38637D0082FCC1 /* SCNNode.swift in Sources */,
				5063BD2F1B2C7CF300FB5558 /* RMSMaths.swift in Sources */,
				5063BD311B2C7CF300FB5558 /* RMX.swift in Sources */,
			);
			runOnlyForDeploymentPostprocessing = 0;
		};
		5063BCCD1B2C5C5E00FB5558 /* Sources */ = {
			isa = PBXSourcesBuildPhase;
			buildActionMask = 2147483647;
			files = (
				5063BCD71B2C5C5E00FB5558 /* RMXKit_iosTests.swift in Sources */,
			);
			runOnlyForDeploymentPostprocessing = 0;
		};
		50AFBE2A1B593D6500462AC1 /* Sources */ = {
			isa = PBXSourcesBuildPhase;
			buildActionMask = 2147483647;
			files = (
				50AFBE4C1B5943DB00462AC1 /* RMXValue.swift in Sources */,
				50AFBE4B1B5943DB00462AC1 /* RMSMaths.swift in Sources */,
				50AFBE401B59420F00462AC1 /* MonoBehaviour.swift in Sources */,
				50AFBE501B594CFF00462AC1 /* MonoObject.swift in Sources */,
				50AFBE3E1B59420F00462AC1 /* Transform.swift in Sources */,
				50AFBE421B59420F00462AC1 /* GameObject.swift in Sources */,
				50AFBE3F1B59420F00462AC1 /* IBehaviour.swift in Sources */,
				50AFBE311B593D6500462AC1 /* main.swift in Sources */,
				50AFBE4E1B594B4300462AC1 /* DieWhenTouched.swift in Sources */,
				50AFBE441B59434C00462AC1 /* OSX.swift in Sources */,
				50AFBE521B59547B00462AC1 /* Mono.swift in Sources */,
				50AFBE411B59420F00462AC1 /* Component.swift in Sources */,
			);
			runOnlyForDeploymentPostprocessing = 0;
		};
/* End PBXSourcesBuildPhase section */

/* Begin PBXTargetDependency section */
		5063BCA41B2C5BEB00FB5558 /* PBXTargetDependency */ = {
			isa = PBXTargetDependency;
			target = 5063BC961B2C5BEB00FB5558 /* RMXKit */;
			targetProxy = 5063BCA31B2C5BEB00FB5558 /* PBXContainerItemProxy */;
		};
		5063BCD41B2C5C5E00FB5558 /* PBXTargetDependency */ = {
			isa = PBXTargetDependency;
			target = 5063BCC71B2C5C5E00FB5558 /* RMXKit-ios */;
			targetProxy = 5063BCD31B2C5C5E00FB5558 /* PBXContainerItemProxy */;
		};
/* End PBXTargetDependency section */

/* Begin XCBuildConfiguration section */
		5063BCA91B2C5BEB00FB5558 /* Debug */ = {
			isa = XCBuildConfiguration;
			buildSettings = {
				ALWAYS_SEARCH_USER_PATHS = NO;
				CLANG_CXX_LANGUAGE_STANDARD = "gnu++0x";
				CLANG_CXX_LIBRARY = "libc++";
				CLANG_ENABLE_MODULES = YES;
				CLANG_ENABLE_OBJC_ARC = YES;
				CLANG_WARN_BOOL_CONVERSION = YES;
				CLANG_WARN_CONSTANT_CONVERSION = YES;
				CLANG_WARN_DIRECT_OBJC_ISA_USAGE = YES_ERROR;
				CLANG_WARN_EMPTY_BODY = YES;
				CLANG_WARN_ENUM_CONVERSION = YES;
				CLANG_WARN_INT_CONVERSION = YES;
				CLANG_WARN_OBJC_ROOT_CLASS = YES_ERROR;
				CLANG_WARN_UNREACHABLE_CODE = YES;
				CLANG_WARN__DUPLICATE_METHOD_MATCH = YES;
				COPY_PHASE_STRIP = NO;
				CURRENT_PROJECT_VERSION = 1;
				DEBUG_INFORMATION_FORMAT = dwarf;
				ENABLE_STRICT_OBJC_MSGSEND = YES;
				ENABLE_TESTABILITY = YES;
				GCC_C_LANGUAGE_STANDARD = gnu99;
				GCC_DYNAMIC_NO_PIC = NO;
				GCC_NO_COMMON_BLOCKS = YES;
				GCC_OPTIMIZATION_LEVEL = 0;
				GCC_PREPROCESSOR_DEFINITIONS = (
					"DEBUG=1",
					"$(inherited)",
				);
				GCC_WARN_64_TO_32_BIT_CONVERSION = YES;
				GCC_WARN_ABOUT_RETURN_TYPE = YES_ERROR;
				GCC_WARN_UNDECLARED_SELECTOR = YES;
				GCC_WARN_UNINITIALIZED_AUTOS = YES_AGGRESSIVE;
				GCC_WARN_UNUSED_FUNCTION = YES;
				GCC_WARN_UNUSED_VARIABLE = YES;
				IPHONEOS_DEPLOYMENT_TARGET = 8.3;
				MACOSX_DEPLOYMENT_TARGET = 10.10;
				MTL_ENABLE_DEBUG_INFO = YES;
				ONLY_ACTIVE_ARCH = YES;
				SDKROOT = macosx;
				SWIFT_OPTIMIZATION_LEVEL = "-Onone";
				VERSIONING_SYSTEM = "apple-generic";
				VERSION_INFO_PREFIX = "";
			};
			name = Debug;
		};
		5063BCAA1B2C5BEB00FB5558 /* Release */ = {
			isa = XCBuildConfiguration;
			buildSettings = {
				ALWAYS_SEARCH_USER_PATHS = NO;
				CLANG_CXX_LANGUAGE_STANDARD = "gnu++0x";
				CLANG_CXX_LIBRARY = "libc++";
				CLANG_ENABLE_MODULES = YES;
				CLANG_ENABLE_OBJC_ARC = YES;
				CLANG_WARN_BOOL_CONVERSION = YES;
				CLANG_WARN_CONSTANT_CONVERSION = YES;
				CLANG_WARN_DIRECT_OBJC_ISA_USAGE = YES_ERROR;
				CLANG_WARN_EMPTY_BODY = YES;
				CLANG_WARN_ENUM_CONVERSION = YES;
				CLANG_WARN_INT_CONVERSION = YES;
				CLANG_WARN_OBJC_ROOT_CLASS = YES_ERROR;
				CLANG_WARN_UNREACHABLE_CODE = YES;
				CLANG_WARN__DUPLICATE_METHOD_MATCH = YES;
				COPY_PHASE_STRIP = NO;
				CURRENT_PROJECT_VERSION = 1;
				DEBUG_INFORMATION_FORMAT = "dwarf-with-dsym";
				ENABLE_NS_ASSERTIONS = NO;
				ENABLE_STRICT_OBJC_MSGSEND = YES;
				GCC_C_LANGUAGE_STANDARD = gnu99;
				GCC_NO_COMMON_BLOCKS = YES;
				GCC_WARN_64_TO_32_BIT_CONVERSION = YES;
				GCC_WARN_ABOUT_RETURN_TYPE = YES_ERROR;
				GCC_WARN_UNDECLARED_SELECTOR = YES;
				GCC_WARN_UNINITIALIZED_AUTOS = YES_AGGRESSIVE;
				GCC_WARN_UNUSED_FUNCTION = YES;
				GCC_WARN_UNUSED_VARIABLE = YES;
				IPHONEOS_DEPLOYMENT_TARGET = 8.3;
				MACOSX_DEPLOYMENT_TARGET = 10.10;
				MTL_ENABLE_DEBUG_INFO = NO;
				SDKROOT = macosx;
				VERSIONING_SYSTEM = "apple-generic";
				VERSION_INFO_PREFIX = "";
			};
			name = Release;
		};
		5063BCAC1B2C5BEB00FB5558 /* Debug */ = {
			isa = XCBuildConfiguration;
			buildSettings = {
				APPLICATION_EXTENSION_API_ONLY = NO;
				CLANG_ENABLE_MODULES = YES;
				CODE_SIGN_IDENTITY = "Developer ID Application";
				COMBINE_HIDPI_IMAGES = YES;
				DEFINES_MODULE = YES;
				DYLIB_COMPATIBILITY_VERSION = 1;
				DYLIB_CURRENT_VERSION = 1;
				DYLIB_INSTALL_NAME_BASE = "@rpath";
				FRAMEWORK_VERSION = A;
				INFOPLIST_FILE = RMXKit/Info.plist;
				INSTALL_PATH = "$(LOCAL_LIBRARY_DIR)/Frameworks";
				LD_RUNPATH_SEARCH_PATHS = "$(inherited) @executable_path/../Frameworks @loader_path/Frameworks";
				MACOSX_DEPLOYMENT_TARGET = 10.10;
				OTHER_SWIFT_FLAGS = "-DDEBUG";
				PRODUCT_BUNDLE_IDENTIFIER = com.rattle.RMXKit;
				PRODUCT_NAME = "$(TARGET_NAME)";
				SKIP_INSTALL = NO;
				SWIFT_OPTIMIZATION_LEVEL = "-Onone";
			};
			name = Debug;
		};
		5063BCAD1B2C5BEB00FB5558 /* Release */ = {
			isa = XCBuildConfiguration;
			buildSettings = {
				APPLICATION_EXTENSION_API_ONLY = NO;
				CLANG_ENABLE_MODULES = YES;
				CODE_SIGN_IDENTITY = "Developer ID Application";
				COMBINE_HIDPI_IMAGES = YES;
				DEFINES_MODULE = YES;
				DYLIB_COMPATIBILITY_VERSION = 1;
				DYLIB_CURRENT_VERSION = 1;
				DYLIB_INSTALL_NAME_BASE = "@rpath";
				FRAMEWORK_VERSION = A;
				INFOPLIST_FILE = RMXKit/Info.plist;
				INSTALL_PATH = "$(LOCAL_LIBRARY_DIR)/Frameworks";
				LD_RUNPATH_SEARCH_PATHS = "$(inherited) @executable_path/../Frameworks @loader_path/Frameworks";
				MACOSX_DEPLOYMENT_TARGET = 10.10;
				OTHER_SWIFT_FLAGS = "";
				PRODUCT_BUNDLE_IDENTIFIER = com.rattle.RMXKit;
				PRODUCT_NAME = "$(TARGET_NAME)";
				SKIP_INSTALL = NO;
			};
			name = Release;
		};
		5063BCAF1B2C5BEB00FB5558 /* Debug */ = {
			isa = XCBuildConfiguration;
			buildSettings = {
				COMBINE_HIDPI_IMAGES = YES;
				INFOPLIST_FILE = RMXKitTests/Info.plist;
				LD_RUNPATH_SEARCH_PATHS = "$(inherited) @executable_path/../Frameworks @loader_path/../Frameworks";
				PRODUCT_BUNDLE_IDENTIFIER = com.rattle.RMXKitTests;
				PRODUCT_NAME = "$(TARGET_NAME)";
			};
			name = Debug;
		};
		5063BCB01B2C5BEB00FB5558 /* Release */ = {
			isa = XCBuildConfiguration;
			buildSettings = {
				COMBINE_HIDPI_IMAGES = YES;
				INFOPLIST_FILE = RMXKitTests/Info.plist;
				LD_RUNPATH_SEARCH_PATHS = "$(inherited) @executable_path/../Frameworks @loader_path/../Frameworks";
				PRODUCT_BUNDLE_IDENTIFIER = com.rattle.RMXKitTests;
				PRODUCT_NAME = "$(TARGET_NAME)";
			};
			name = Release;
		};
		5063BCDA1B2C5C5E00FB5558 /* Debug */ = {
			isa = XCBuildConfiguration;
			buildSettings = {
				CODE_SIGN_IDENTITY = "iPhone Developer";
				"CODE_SIGN_IDENTITY[sdk=iphoneos*]" = "iPhone Developer";
				DEFINES_MODULE = YES;
				DYLIB_COMPATIBILITY_VERSION = 1;
				DYLIB_CURRENT_VERSION = 1;
				DYLIB_INSTALL_NAME_BASE = "@rpath";
				EMBEDDED_CONTENT_CONTAINS_SWIFT = NO;
				EMBED_ASSET_PACKS_IN_PRODUCT_BUNDLE = NO;
				INFOPLIST_FILE = "RMXKit-ios/Info.plist";
				INSTALL_PATH = "$(LOCAL_LIBRARY_DIR)/Frameworks";
				IPHONEOS_DEPLOYMENT_TARGET = 8.3;
				LD_DYLIB_INSTALL_NAME = "$(DYLIB_INSTALL_NAME_BASE:standardizepath)/$(EXECUTABLE_PATH)";
				LD_RUNPATH_SEARCH_PATHS = "$(inherited) @executable_path/Frameworks @loader_path/Frameworks";
				OTHER_SWIFT_FLAGS = "-DDEBUG";
				PRODUCT_BUNDLE_IDENTIFIER = com.rattle.RMXKit;
				PRODUCT_MODULE_NAME = RMXKit;
				PRODUCT_NAME = RMXKit;
				SDKROOT = iphoneos;
				SKIP_INSTALL = NO;
				TARGETED_DEVICE_FAMILY = "1,2";
			};
			name = Debug;
		};
		5063BCDB1B2C5C5E00FB5558 /* Release */ = {
			isa = XCBuildConfiguration;
			buildSettings = {
				CODE_SIGN_IDENTITY = "iPhone Developer";
				"CODE_SIGN_IDENTITY[sdk=iphoneos*]" = "iPhone Developer";
				DEFINES_MODULE = YES;
				DYLIB_COMPATIBILITY_VERSION = 1;
				DYLIB_CURRENT_VERSION = 1;
				DYLIB_INSTALL_NAME_BASE = "@rpath";
				EMBEDDED_CONTENT_CONTAINS_SWIFT = NO;
				EMBED_ASSET_PACKS_IN_PRODUCT_BUNDLE = NO;
				INFOPLIST_FILE = "RMXKit-ios/Info.plist";
				INSTALL_PATH = "$(LOCAL_LIBRARY_DIR)/Frameworks";
				IPHONEOS_DEPLOYMENT_TARGET = 8.3;
				LD_DYLIB_INSTALL_NAME = "$(DYLIB_INSTALL_NAME_BASE:standardizepath)/$(EXECUTABLE_PATH)";
				LD_RUNPATH_SEARCH_PATHS = "$(inherited) @executable_path/Frameworks @loader_path/Frameworks";
				PRODUCT_BUNDLE_IDENTIFIER = com.rattle.RMXKit;
				PRODUCT_MODULE_NAME = RMXKit;
				PRODUCT_NAME = RMXKit;
				SDKROOT = iphoneos;
				SKIP_INSTALL = NO;
				TARGETED_DEVICE_FAMILY = "1,2";
				VALIDATE_PRODUCT = YES;
			};
			name = Release;
		};
		5063BCDD1B2C5C5E00FB5558 /* Debug */ = {
			isa = XCBuildConfiguration;
			buildSettings = {
				"CODE_SIGN_IDENTITY[sdk=iphoneos*]" = "iPhone Developer";
				INFOPLIST_FILE = "RMXKit-iosTests/Info.plist";
				IPHONEOS_DEPLOYMENT_TARGET = 9.0;
				LD_RUNPATH_SEARCH_PATHS = "$(inherited) @executable_path/Frameworks @loader_path/Frameworks";
				PRODUCT_BUNDLE_IDENTIFIER = "com.rattle.RMXKit-iosTests";
				PRODUCT_NAME = "$(TARGET_NAME)";
				SDKROOT = iphoneos;
			};
			name = Debug;
		};
		5063BCDE1B2C5C5E00FB5558 /* Release */ = {
			isa = XCBuildConfiguration;
			buildSettings = {
				"CODE_SIGN_IDENTITY[sdk=iphoneos*]" = "iPhone Developer";
				INFOPLIST_FILE = "RMXKit-iosTests/Info.plist";
				IPHONEOS_DEPLOYMENT_TARGET = 9.0;
				LD_RUNPATH_SEARCH_PATHS = "$(inherited) @executable_path/Frameworks @loader_path/Frameworks";
				PRODUCT_BUNDLE_IDENTIFIER = "com.rattle.RMXKit-iosTests";
				PRODUCT_NAME = "$(TARGET_NAME)";
				SDKROOT = iphoneos;
				VALIDATE_PRODUCT = YES;
			};
			name = Release;
		};
		50AFBE331B593D6500462AC1 /* Debug */ = {
			isa = XCBuildConfiguration;
			buildSettings = {
				MACOSX_DEPLOYMENT_TARGET = 10.11;
				PRODUCT_NAME = "$(TARGET_NAME)";
			};
			name = Debug;
		};
		50AFBE341B593D6500462AC1 /* Release */ = {
			isa = XCBuildConfiguration;
			buildSettings = {
				MACOSX_DEPLOYMENT_TARGET = 10.11;
				PRODUCT_NAME = "$(TARGET_NAME)";
			};
			name = Release;
		};
/* End XCBuildConfiguration section */

/* Begin XCConfigurationList section */
		5063BC911B2C5BEB00FB5558 /* Build configuration list for PBXProject "RMXKit" */ = {
			isa = XCConfigurationList;
			buildConfigurations = (
				5063BCA91B2C5BEB00FB5558 /* Debug */,
				5063BCAA1B2C5BEB00FB5558 /* Release */,
			);
			defaultConfigurationIsVisible = 0;
			defaultConfigurationName = Release;
		};
		5063BCAB1B2C5BEB00FB5558 /* Build configuration list for PBXNativeTarget "RMXKit" */ = {
			isa = XCConfigurationList;
			buildConfigurations = (
				5063BCAC1B2C5BEB00FB5558 /* Debug */,
				5063BCAD1B2C5BEB00FB5558 /* Release */,
			);
			defaultConfigurationIsVisible = 0;
			defaultConfigurationName = Release;
		};
		5063BCAE1B2C5BEB00FB5558 /* Build configuration list for PBXNativeTarget "RMXKitTests" */ = {
			isa = XCConfigurationList;
			buildConfigurations = (
				5063BCAF1B2C5BEB00FB5558 /* Debug */,
				5063BCB01B2C5BEB00FB5558 /* Release */,
			);
			defaultConfigurationIsVisible = 0;
			defaultConfigurationName = Release;
		};
		5063BCD91B2C5C5E00FB5558 /* Build configuration list for PBXNativeTarget "RMXKit-ios" */ = {
			isa = XCConfigurationList;
			buildConfigurations = (
				5063BCDA1B2C5C5E00FB5558 /* Debug */,
				5063BCDB1B2C5C5E00FB5558 /* Release */,
			);
			defaultConfigurationIsVisible = 0;
			defaultConfigurationName = Release;
		};
		5063BCDC1B2C5C5E00FB5558 /* Build configuration list for PBXNativeTarget "RMXKit-iosTests" */ = {
			isa = XCConfigurationList;
			buildConfigurations = (
				5063BCDD1B2C5C5E00FB5558 /* Debug */,
				5063BCDE1B2C5C5E00FB5558 /* Release */,
			);
			defaultConfigurationIsVisible = 0;
			defaultConfigurationName = Release;
		};
		50AFBE321B593D6500462AC1 /* Build configuration list for PBXNativeTarget "RMXUnity" */ = {
			isa = XCConfigurationList;
			buildConfigurations = (
				50AFBE331B593D6500462AC1 /* Debug */,
				50AFBE341B593D6500462AC1 /* Release */,
			);
			defaultConfigurationIsVisible = 0;
		};
/* End XCConfigurationList section */
	};
	rootObject = 5063BC8E1B2C5BEB00FB5558 /* Project object */;
}
