// !$*UTF8*$!
{
	archiveVersion = 1;
	classes = {
	};
	objectVersion = 47;
	objects = {

/* Begin PBXBuildFile section */
		5031F3AB1B15AC4800FAB551 /* RMXCollider.swift in Sources */ = {isa = PBXBuildFile; fileRef = 5031F3AA1B15AC4800FAB551 /* RMXCollider.swift */; };
		5031F3AC1B15AC4800FAB551 /* RMXCollider.swift in Sources */ = {isa = PBXBuildFile; fileRef = 5031F3AA1B15AC4800FAB551 /* RMXCollider.swift */; };
		5031F3AD1B15AC4800FAB551 /* RMXCollider.swift in Sources */ = {isa = PBXBuildFile; fileRef = 5031F3AA1B15AC4800FAB551 /* RMXCollider.swift */; };
		5031F3B11B15B0AA00FAB551 /* pop1.m4a in Resources */ = {isa = PBXBuildFile; fileRef = 5031F3AF1B15B0AA00FAB551 /* pop1.m4a */; };
		5031F3B21B15B0AA00FAB551 /* pop1.m4a in Resources */ = {isa = PBXBuildFile; fileRef = 5031F3AF1B15B0AA00FAB551 /* pop1.m4a */; };
		5031F3B31B15B0AA00FAB551 /* pop1.m4a in Resources */ = {isa = PBXBuildFile; fileRef = 5031F3AF1B15B0AA00FAB551 /* pop1.m4a */; };
		5031F3B41B15B0AA00FAB551 /* pop2.m4a in Resources */ = {isa = PBXBuildFile; fileRef = 5031F3B01B15B0AA00FAB551 /* pop2.m4a */; };
		5031F3B51B15B0AA00FAB551 /* pop2.m4a in Resources */ = {isa = PBXBuildFile; fileRef = 5031F3B01B15B0AA00FAB551 /* pop2.m4a */; };
		5031F3B61B15B0AA00FAB551 /* pop2.m4a in Resources */ = {isa = PBXBuildFile; fileRef = 5031F3B01B15B0AA00FAB551 /* pop2.m4a */; };
		5031F3B81B15B25C00FAB551 /* Air Pressure Blast 1.caf in Resources */ = {isa = PBXBuildFile; fileRef = 5031F3B71B15B25C00FAB551 /* Air Pressure Blast 1.caf */; };
		5031F3B91B15B25C00FAB551 /* Air Pressure Blast 1.caf in Resources */ = {isa = PBXBuildFile; fileRef = 5031F3B71B15B25C00FAB551 /* Air Pressure Blast 1.caf */; };
		5031F3BA1B15B25C00FAB551 /* Air Pressure Blast 1.caf in Resources */ = {isa = PBXBuildFile; fileRef = 5031F3B71B15B25C00FAB551 /* Air Pressure Blast 1.caf */; };
		5031F3BC1B15B72D00FAB551 /* Heavy Drag.caf in Resources */ = {isa = PBXBuildFile; fileRef = 5031F3BB1B15B72D00FAB551 /* Heavy Drag.caf */; };
		5031F3BD1B15B72D00FAB551 /* Heavy Drag.caf in Resources */ = {isa = PBXBuildFile; fileRef = 5031F3BB1B15B72D00FAB551 /* Heavy Drag.caf */; };
		5031F3BE1B15B72D00FAB551 /* Heavy Drag.caf in Resources */ = {isa = PBXBuildFile; fileRef = 5031F3BB1B15B72D00FAB551 /* Heavy Drag.caf */; };
		5031F3C01B15B74E00FAB551 /* Turntable Scratch 2.caf in Resources */ = {isa = PBXBuildFile; fileRef = 5031F3BF1B15B74E00FAB551 /* Turntable Scratch 2.caf */; };
		5031F3C11B15B74E00FAB551 /* Turntable Scratch 2.caf in Resources */ = {isa = PBXBuildFile; fileRef = 5031F3BF1B15B74E00FAB551 /* Turntable Scratch 2.caf */; };
		5031F3C21B15B74E00FAB551 /* Turntable Scratch 2.caf in Resources */ = {isa = PBXBuildFile; fileRef = 5031F3BF1B15B74E00FAB551 /* Turntable Scratch 2.caf */; };
		5031F3C41B15B77F00FAB551 /* Air Reverse Burst 2.caf in Resources */ = {isa = PBXBuildFile; fileRef = 5031F3C31B15B77F00FAB551 /* Air Reverse Burst 2.caf */; };
		5031F3C51B15B77F00FAB551 /* Air Reverse Burst 2.caf in Resources */ = {isa = PBXBuildFile; fileRef = 5031F3C31B15B77F00FAB551 /* Air Reverse Burst 2.caf */; };
		5031F3C61B15B77F00FAB551 /* Air Reverse Burst 2.caf in Resources */ = {isa = PBXBuildFile; fileRef = 5031F3C31B15B77F00FAB551 /* Air Reverse Burst 2.caf */; };
		5031F3C81B15B85100FAB551 /* Baseball Catch.caf in Resources */ = {isa = PBXBuildFile; fileRef = 5031F3C71B15B85100FAB551 /* Baseball Catch.caf */; };
		5031F3C91B15B85100FAB551 /* Baseball Catch.caf in Resources */ = {isa = PBXBuildFile; fileRef = 5031F3C71B15B85100FAB551 /* Baseball Catch.caf */; };
		5031F3CA1B15B85100FAB551 /* Baseball Catch.caf in Resources */ = {isa = PBXBuildFile; fileRef = 5031F3C71B15B85100FAB551 /* Baseball Catch.caf */; };
		5031F3CC1B15B87C00FAB551 /* Body Hit 01.caf in Resources */ = {isa = PBXBuildFile; fileRef = 5031F3CB1B15B87C00FAB551 /* Body Hit 01.caf */; };
		5031F3CD1B15B87C00FAB551 /* Body Hit 01.caf in Resources */ = {isa = PBXBuildFile; fileRef = 5031F3CB1B15B87C00FAB551 /* Body Hit 01.caf */; };
		5031F3CE1B15B87C00FAB551 /* Body Hit 01.caf in Resources */ = {isa = PBXBuildFile; fileRef = 5031F3CB1B15B87C00FAB551 /* Body Hit 01.caf */; };
		50AC218B1B17AABA00A9BD28 /* TeamGame.swift in Sources */ = {isa = PBXBuildFile; fileRef = 50AC218A1B17AABA00A9BD28 /* TeamGame.swift */; };
		50AC218C1B17AABA00A9BD28 /* TeamGame.swift in Sources */ = {isa = PBXBuildFile; fileRef = 50AC218A1B17AABA00A9BD28 /* TeamGame.swift */; };
		50AC218D1B17AABA00A9BD28 /* TeamGame.swift in Sources */ = {isa = PBXBuildFile; fileRef = 50AC218A1B17AABA00A9BD28 /* TeamGame.swift */; };
		50B563ED1B13A7F2008AB47D /* SCNNode-extension.swift in Sources */ = {isa = PBXBuildFile; fileRef = 50B563EC1B13A7F2008AB47D /* SCNNode-extension.swift */; };
		50B563EE1B13A7F2008AB47D /* SCNNode-extension.swift in Sources */ = {isa = PBXBuildFile; fileRef = 50B563EC1B13A7F2008AB47D /* SCNNode-extension.swift */; };
		50B563EF1B13A7F2008AB47D /* SCNNode-extension.swift in Sources */ = {isa = PBXBuildFile; fileRef = 50B563EC1B13A7F2008AB47D /* SCNNode-extension.swift */; };
		50BF107E1B16030D00680768 /* RMXTracker.swift in Sources */ = {isa = PBXBuildFile; fileRef = 50BF107D1B16030D00680768 /* RMXTracker.swift */; };
		50BF107F1B16030D00680768 /* RMXTracker.swift in Sources */ = {isa = PBXBuildFile; fileRef = 50BF107D1B16030D00680768 /* RMXTracker.swift */; };
		50BF10801B16030D00680768 /* RMXTracker.swift in Sources */ = {isa = PBXBuildFile; fileRef = 50BF107D1B16030D00680768 /* RMXTracker.swift */; };
		50DE71F01B1B390C007C0851 /* UserActions.swift in Sources */ = {isa = PBXBuildFile; fileRef = 50DE71EF1B1B390C007C0851 /* UserActions.swift */; };
		50DE71F11B1B3A21007C0851 /* UserActions.swift in Sources */ = {isa = PBXBuildFile; fileRef = 50DE71EF1B1B390C007C0851 /* UserActions.swift */; };
		50DE71F21B1B3A22007C0851 /* UserActions.swift in Sources */ = {isa = PBXBuildFile; fileRef = 50DE71EF1B1B390C007C0851 /* UserActions.swift */; };
		6C206C3C1B2586AF00D83CC0 /* RMXSceneKit.swift in Sources */ = {isa = PBXBuildFile; fileRef = 6C206C3B1B2586AF00D83CC0 /* RMXSceneKit.swift */; };
		6C206C471B258B2C00D83CC0 /* RMXAiDelegate.swift in Sources */ = {isa = PBXBuildFile; fileRef = 6C206C461B258B2C00D83CC0 /* RMXAiDelegate.swift */; };
		6C206C481B258B6400D83CC0 /* RMXAiDelegate.swift in Sources */ = {isa = PBXBuildFile; fileRef = 6C206C461B258B2C00D83CC0 /* RMXAiDelegate.swift */; };
		6C206C491B258BDD00D83CC0 /* RMXSceneKit.swift in Sources */ = {isa = PBXBuildFile; fileRef = 6C206C3B1B2586AF00D83CC0 /* RMXSceneKit.swift */; };
		6C206C521B25911C00D83CC0 /* RMXSprite.swift in Sources */ = {isa = PBXBuildFile; fileRef = 6C206C511B25911C00D83CC0 /* RMXSprite.swift */; };
		6C206C531B25911C00D83CC0 /* RMXSprite.swift in Sources */ = {isa = PBXBuildFile; fileRef = 6C206C511B25911C00D83CC0 /* RMXSprite.swift */; };
		6C4A28721B03ACCC001C3F5B /* icons.xcassets in Resources */ = {isa = PBXBuildFile; fileRef = 6C4A286A1B03ACCC001C3F5B /* icons.xcassets */; };
		6C4A28841B049FF9001C3F5B /* Observers.swift in Sources */ = {isa = PBXBuildFile; fileRef = 6C4A28831B049FF9001C3F5B /* Observers.swift */; };
		6C4A28851B049FF9001C3F5B /* Observers.swift in Sources */ = {isa = PBXBuildFile; fileRef = 6C4A28831B049FF9001C3F5B /* Observers.swift */; };
		6C6DD1A61B10C7F300107FAD /* AiCubo Basic.swift in Sources */ = {isa = PBXBuildFile; fileRef = 6C6DD1A51B10C7F300107FAD /* AiCubo Basic.swift */; };
		6C6DD1A71B10CA8800107FAD /* AiCubo Basic.swift in Sources */ = {isa = PBXBuildFile; fileRef = 6C6DD1A51B10C7F300107FAD /* AiCubo Basic.swift */; };
		6C73A8A31B0A66E300187A61 /* AppDelegate.swift in Sources */ = {isa = PBXBuildFile; fileRef = 6C73A8A21B0A66E300187A61 /* AppDelegate.swift */; };
		6C73A8A51B0A66E300187A61 /* GameScene.sks in Resources */ = {isa = PBXBuildFile; fileRef = 6C73A8A41B0A66E300187A61 /* GameScene.sks */; };
		6C73A8A71B0A66E300187A61 /* GameScene.swift in Sources */ = {isa = PBXBuildFile; fileRef = 6C73A8A61B0A66E300187A61 /* GameScene.swift */; };
		6C73A8A91B0A66E300187A61 /* GameViewController.swift in Sources */ = {isa = PBXBuildFile; fileRef = 6C73A8A81B0A66E300187A61 /* GameViewController.swift */; };
		6C73A8AC1B0A66E300187A61 /* Main.storyboard in Resources */ = {isa = PBXBuildFile; fileRef = 6C73A8AA1B0A66E300187A61 /* Main.storyboard */; };
		6C73A8AE1B0A66E300187A61 /* Images.xcassets in Resources */ = {isa = PBXBuildFile; fileRef = 6C73A8AD1B0A66E300187A61 /* Images.xcassets */; };
		6C73A8B11B0A66E300187A61 /* LaunchScreen.xib in Resources */ = {isa = PBXBuildFile; fileRef = 6C73A8AF1B0A66E300187A61 /* LaunchScreen.xib */; };
		6C73A8BD1B0A66E300187A61 /* AiSpriteTests.swift in Sources */ = {isa = PBXBuildFile; fileRef = 6C73A8BC1B0A66E300187A61 /* AiSpriteTests.swift */; };
		6C73A8C61B0A6BBB00187A61 /* RMSActionProcessor.swift in Sources */ = {isa = PBXBuildFile; fileRef = 6C9299D21AE544C000E71811 /* RMSActionProcessor.swift */; };
		6C73A8C81B0A6BC300187A61 /* RMXInterface.swift in Sources */ = {isa = PBXBuildFile; fileRef = 6C9299D51AE544C000E71811 /* RMXInterface.swift */; };
		6C73A8CA1B0A6BE400187A61 /* RMSWorld.swift in Sources */ = {isa = PBXBuildFile; fileRef = 6C9299BB1AE544C000E71811 /* RMSWorld.swift */; };
		6C73A8CB1B0A6BE700187A61 /* ChildSpriteArray.swift in Sources */ = {isa = PBXBuildFile; fileRef = 6C9299F21AE5457700E71811 /* ChildSpriteArray.swift */; };
		6C73A8CF1B0A6C8C00187A61 /* RMXNode.swift in Sources */ = {isa = PBXBuildFile; fileRef = 6C9299BE1AE544C000E71811 /* RMXNode.swift */; };
		6C73A8D11B0A6C9600187A61 /* RMSEquations.swift in Sources */ = {isa = PBXBuildFile; fileRef = 6C9299C11AE544C000E71811 /* RMSEquations.swift */; };
		6C73A8D21B0A6C9600187A61 /* RMSMaths.swift in Sources */ = {isa = PBXBuildFile; fileRef = 6C9299C21AE544C000E71811 /* RMSMaths.swift */; };
		6C73A8D31B0A6C9600187A61 /* RMX.swift in Sources */ = {isa = PBXBuildFile; fileRef = 6C9299C31AE544C000E71811 /* RMX.swift */; };
		6C73A8D41B0A6C9600187A61 /* RMXDebugger.swift in Sources */ = {isa = PBXBuildFile; fileRef = 6C9299C41AE544C000E71811 /* RMXDebugger.swift */; };
		6C73A8D51B0A6C9600187A61 /* RMXQuestions.swift in Sources */ = {isa = PBXBuildFile; fileRef = 6C9299C51AE544C000E71811 /* RMXQuestions.swift */; };
		6C73A8D61B0A6C9600187A61 /* RMXValue.swift in Sources */ = {isa = PBXBuildFile; fileRef = 6C9299C61AE544C000E71811 /* RMXValue.swift */; };
		6C73A8D81B0A6CB300187A61 /* RMXViewController.swift in Sources */ = {isa = PBXBuildFile; fileRef = 6C9299CE1AE544C000E71811 /* RMXViewController.swift */; };
		6C73A8DC1B0A6E6D00187A61 /* 2dModels.swift in Sources */ = {isa = PBXBuildFile; fileRef = 6C73A8DA1B0A6E5F00187A61 /* 2dModels.swift */; };
		6C73A8DF1B0A6E8000187A61 /* RMXModels.swift in Sources */ = {isa = PBXBuildFile; fileRef = 6C73A8DE1B0A6E8000187A61 /* RMXModels.swift */; };
		6C73A8E01B0A6EAB00187A61 /* RMXModels.swift in Sources */ = {isa = PBXBuildFile; fileRef = 6C73A8DE1B0A6E8000187A61 /* RMXModels.swift */; };
		6C73A8E11B0A6EAC00187A61 /* RMXModels.swift in Sources */ = {isa = PBXBuildFile; fileRef = 6C73A8DE1B0A6E8000187A61 /* RMXModels.swift */; };
		6C73A8E21B0A6FA600187A61 /* RMXController.swift in Sources */ = {isa = PBXBuildFile; fileRef = 6C9299CD1AE544C000E71811 /* RMXController.swift */; };
		6C73A8E31B0A70D700187A61 /* RMXCamera.swift in Sources */ = {isa = PBXBuildFile; fileRef = 6C9299BC1AE544C000E71811 /* RMXCamera.swift */; };
		6C73A8E51B0A75DC00187A61 /* RMXScene.swift in Sources */ = {isa = PBXBuildFile; fileRef = 6C73A8E41B0A75DC00187A61 /* RMXScene.swift */; };
		6C73A8E61B0A75DE00187A61 /* RMXScene.swift in Sources */ = {isa = PBXBuildFile; fileRef = 6C73A8E41B0A75DC00187A61 /* RMXScene.swift */; };
		6C73A8E71B0A75DF00187A61 /* RMXScene.swift in Sources */ = {isa = PBXBuildFile; fileRef = 6C73A8E41B0A75DC00187A61 /* RMXScene.swift */; };
		6C73A8E81B0A7C5200187A61 /* RMXInitialize.swift in Sources */ = {isa = PBXBuildFile; fileRef = 6C9299CB1AE544C000E71811 /* RMXInitialize.swift */; };
		6C8CCAF41B0B5E3000D8DC99 /* RMXAi.swift in Sources */ = {isa = PBXBuildFile; fileRef = 6C8CCAF31B0B5E3000D8DC99 /* RMXAi.swift */; };
		6C8CCAF51B0B5EF800D8DC99 /* RMXAi.swift in Sources */ = {isa = PBXBuildFile; fileRef = 6C8CCAF31B0B5E3000D8DC99 /* RMXAi.swift */; };
		6C8CCAF61B0B5EF800D8DC99 /* RMXAi.swift in Sources */ = {isa = PBXBuildFile; fileRef = 6C8CCAF31B0B5E3000D8DC99 /* RMXAi.swift */; };
		6C8F11C31B1C193E009F49DB /* RMGameKit.swift in Sources */ = {isa = PBXBuildFile; fileRef = 6C8F11C21B1C193E009F49DB /* RMGameKit.swift */; };
		6C8F11CB1B1C199E009F49DB /* GameKit.framework in Frameworks */ = {isa = PBXBuildFile; fileRef = 6C8F11CA1B1C199E009F49DB /* GameKit.framework */; };
		6C8F11CD1B1C19A1009F49DB /* StoreKit.framework in Frameworks */ = {isa = PBXBuildFile; fileRef = 6C8F11CC1B1C19A1009F49DB /* StoreKit.framework */; };
		6C8F11CE1B1C1A49009F49DB /* RMGameKit.swift in Sources */ = {isa = PBXBuildFile; fileRef = 6C8F11C21B1C193E009F49DB /* RMGameKit.swift */; };
		6C8F11D01B1C1D8E009F49DB /* GCViewController.swift in Sources */ = {isa = PBXBuildFile; fileRef = 6C8F11CF1B1C1D8E009F49DB /* GCViewController.swift */; };
		6C8F11D11B1C1D8E009F49DB /* GCViewController.swift in Sources */ = {isa = PBXBuildFile; fileRef = 6C8F11CF1B1C1D8E009F49DB /* GCViewController.swift */; };
		6C8F11D21B1C1E04009F49DB /* Main.storyboard in Resources */ = {isa = PBXBuildFile; fileRef = 6C9299961AE5432000E71811 /* Main.storyboard */; };
		6C9299981AE5432000E71811 /* Main.storyboard in Resources */ = {isa = PBXBuildFile; fileRef = 6C9299961AE5432000E71811 /* Main.storyboard */; };
		6C92999D1AE5432000E71811 /* LaunchScreen.xib in Resources */ = {isa = PBXBuildFile; fileRef = 6C92999B1AE5432000E71811 /* LaunchScreen.xib */; };
		6C9299A91AE5432100E71811 /* AiSceneTests.swift in Sources */ = {isa = PBXBuildFile; fileRef = 6C9299A81AE5432100E71811 /* AiSceneTests.swift */; };
		6C9299D71AE544C000E71811 /* 3dModels.swift in Sources */ = {isa = PBXBuildFile; fileRef = 6C9299B81AE544C000E71811 /* 3dModels.swift */; };
		6C9299D81AE544C000E71811 /* RMSArt.swift in Sources */ = {isa = PBXBuildFile; fileRef = 6C9299B91AE544C000E71811 /* RMSArt.swift */; };
		6C9299DA1AE544C000E71811 /* RMSWorld.swift in Sources */ = {isa = PBXBuildFile; fileRef = 6C9299BB1AE544C000E71811 /* RMSWorld.swift */; };
		6C9299DB1AE544C000E71811 /* RMXCamera.swift in Sources */ = {isa = PBXBuildFile; fileRef = 6C9299BC1AE544C000E71811 /* RMXCamera.swift */; };
		6C9299DC1AE544C000E71811 /* RMXClock.swift in Sources */ = {isa = PBXBuildFile; fileRef = 6C9299BD1AE544C000E71811 /* RMXClock.swift */; };
		6C9299DD1AE544C000E71811 /* RMXNode.swift in Sources */ = {isa = PBXBuildFile; fileRef = 6C9299BE1AE544C000E71811 /* RMXNode.swift */; };
		6C9299DE1AE544C000E71811 /* RM3DEntity.swift in Sources */ = {isa = PBXBuildFile; fileRef = 6C9299BF1AE544C000E71811 /* RM3DEntity.swift */; };
		6C9299DF1AE544C000E71811 /* RMSEquations.swift in Sources */ = {isa = PBXBuildFile; fileRef = 6C9299C11AE544C000E71811 /* RMSEquations.swift */; };
		6C9299E01AE544C000E71811 /* RMSMaths.swift in Sources */ = {isa = PBXBuildFile; fileRef = 6C9299C21AE544C000E71811 /* RMSMaths.swift */; };
		6C9299E11AE544C000E71811 /* RMX.swift in Sources */ = {isa = PBXBuildFile; fileRef = 6C9299C31AE544C000E71811 /* RMX.swift */; };
		6C9299E21AE544C000E71811 /* RMXDebugger.swift in Sources */ = {isa = PBXBuildFile; fileRef = 6C9299C41AE544C000E71811 /* RMXDebugger.swift */; };
		6C9299E31AE544C000E71811 /* RMXQuestions.swift in Sources */ = {isa = PBXBuildFile; fileRef = 6C9299C51AE544C000E71811 /* RMXQuestions.swift */; };
		6C9299E41AE544C000E71811 /* RMXValue.swift in Sources */ = {isa = PBXBuildFile; fileRef = 6C9299C61AE544C000E71811 /* RMXValue.swift */; };
		6C9299E51AE544C000E71811 /* GameView.swift in Sources */ = {isa = PBXBuildFile; fileRef = 6C9299C91AE544C000E71811 /* GameView.swift */; };
		6C9299E61AE544C000E71811 /* GameViewController.swift in Sources */ = {isa = PBXBuildFile; fileRef = 6C9299CA1AE544C000E71811 /* GameViewController.swift */; };
		6C9299E71AE544C000E71811 /* RMXInitialize.swift in Sources */ = {isa = PBXBuildFile; fileRef = 6C9299CB1AE544C000E71811 /* RMXInitialize.swift */; };
		6C9299E81AE544C000E71811 /* RMXController.swift in Sources */ = {isa = PBXBuildFile; fileRef = 6C9299CD1AE544C000E71811 /* RMXController.swift */; };
		6C9299E91AE544C000E71811 /* RMXViewController.swift in Sources */ = {isa = PBXBuildFile; fileRef = 6C9299CE1AE544C000E71811 /* RMXViewController.swift */; };
		6C9299EA1AE544C000E71811 /* Accelorometer.swift in Sources */ = {isa = PBXBuildFile; fileRef = 6C9299D01AE544C000E71811 /* Accelorometer.swift */; };
		6C9299EB1AE544C000E71811 /* iOSControllers.swift in Sources */ = {isa = PBXBuildFile; fileRef = 6C9299D11AE544C000E71811 /* iOSControllers.swift */; };
		6C9299EC1AE544C000E71811 /* RMSActionProcessor.swift in Sources */ = {isa = PBXBuildFile; fileRef = 6C9299D21AE544C000E71811 /* RMSActionProcessor.swift */; };
		6C9299EE1AE544C000E71811 /* RMXDPad.swift in Sources */ = {isa = PBXBuildFile; fileRef = 6C9299D41AE544C000E71811 /* RMXDPad.swift */; };
		6C9299EF1AE544C000E71811 /* RMXInterface.swift in Sources */ = {isa = PBXBuildFile; fileRef = 6C9299D51AE544C000E71811 /* RMXInterface.swift */; };
		6C9299F11AE544D500E71811 /* art.scnassets in Resources */ = {isa = PBXBuildFile; fileRef = 6C9299F01AE544D500E71811 /* art.scnassets */; };
		6C9299F31AE5457700E71811 /* ChildSpriteArray.swift in Sources */ = {isa = PBXBuildFile; fileRef = 6C9299F21AE5457700E71811 /* ChildSpriteArray.swift */; };
		6C9299F51AE5467000E71811 /* AppDelegate.swift in Sources */ = {isa = PBXBuildFile; fileRef = 6C9299F41AE5467000E71811 /* AppDelegate.swift */; };
		6C9299FF1AE5497800E71811 /* AppDelegate.swift in Sources */ = {isa = PBXBuildFile; fileRef = 6C9299FE1AE5497800E71811 /* AppDelegate.swift */; };
		6C929A0A1AE5497900E71811 /* MainMenu.xib in Resources */ = {isa = PBXBuildFile; fileRef = 6C929A081AE5497900E71811 /* MainMenu.xib */; };
		6C929A161AE5497900E71811 /* AiScene_OSXTests.swift in Sources */ = {isa = PBXBuildFile; fileRef = 6C929A151AE5497900E71811 /* AiScene_OSXTests.swift */; };
		6C929A1D1AE5499900E71811 /* GameView.swift in Sources */ = {isa = PBXBuildFile; fileRef = 6C9299C91AE544C000E71811 /* GameView.swift */; };
		6C929A1E1AE5499900E71811 /* GameViewController.swift in Sources */ = {isa = PBXBuildFile; fileRef = 6C9299CA1AE544C000E71811 /* GameViewController.swift */; };
		6C929A1F1AE5499900E71811 /* RMXInitialize.swift in Sources */ = {isa = PBXBuildFile; fileRef = 6C9299CB1AE544C000E71811 /* RMXInitialize.swift */; };
		6C929A201AE5499D00E71811 /* ChildSpriteArray.swift in Sources */ = {isa = PBXBuildFile; fileRef = 6C9299F21AE5457700E71811 /* ChildSpriteArray.swift */; };
		6C929A211AE5499D00E71811 /* 3dModels.swift in Sources */ = {isa = PBXBuildFile; fileRef = 6C9299B81AE544C000E71811 /* 3dModels.swift */; };
		6C929A221AE5499D00E71811 /* RMSArt.swift in Sources */ = {isa = PBXBuildFile; fileRef = 6C9299B91AE544C000E71811 /* RMSArt.swift */; };
		6C929A241AE5499D00E71811 /* RMSWorld.swift in Sources */ = {isa = PBXBuildFile; fileRef = 6C9299BB1AE544C000E71811 /* RMSWorld.swift */; };
		6C929A251AE5499D00E71811 /* RMXCamera.swift in Sources */ = {isa = PBXBuildFile; fileRef = 6C9299BC1AE544C000E71811 /* RMXCamera.swift */; };
		6C929A261AE5499D00E71811 /* RMXClock.swift in Sources */ = {isa = PBXBuildFile; fileRef = 6C9299BD1AE544C000E71811 /* RMXClock.swift */; };
		6C929A271AE5499D00E71811 /* RMXNode.swift in Sources */ = {isa = PBXBuildFile; fileRef = 6C9299BE1AE544C000E71811 /* RMXNode.swift */; };
		6C929A281AE5499D00E71811 /* RM3DEntity.swift in Sources */ = {isa = PBXBuildFile; fileRef = 6C9299BF1AE544C000E71811 /* RM3DEntity.swift */; };
		6C929A291AE549A300E71811 /* RMXController.swift in Sources */ = {isa = PBXBuildFile; fileRef = 6C9299CD1AE544C000E71811 /* RMXController.swift */; };
		6C929A2A1AE549A300E71811 /* RMXViewController.swift in Sources */ = {isa = PBXBuildFile; fileRef = 6C9299CE1AE544C000E71811 /* RMXViewController.swift */; };
		6C929A2D1AE549A600E71811 /* RMSActionProcessor.swift in Sources */ = {isa = PBXBuildFile; fileRef = 6C9299D21AE544C000E71811 /* RMSActionProcessor.swift */; };
		6C929A2E1AE549A600E71811 /* RMSKeys.swift in Sources */ = {isa = PBXBuildFile; fileRef = 6C9299D31AE544C000E71811 /* RMSKeys.swift */; };
		6C929A301AE549A600E71811 /* RMXInterface.swift in Sources */ = {isa = PBXBuildFile; fileRef = 6C9299D51AE544C000E71811 /* RMXInterface.swift */; };
		6C929A311AE54DCA00E71811 /* RMSEquations.swift in Sources */ = {isa = PBXBuildFile; fileRef = 6C9299C11AE544C000E71811 /* RMSEquations.swift */; };
		6C929A321AE54DCA00E71811 /* RMSMaths.swift in Sources */ = {isa = PBXBuildFile; fileRef = 6C9299C21AE544C000E71811 /* RMSMaths.swift */; };
		6C929A331AE54DCA00E71811 /* RMX.swift in Sources */ = {isa = PBXBuildFile; fileRef = 6C9299C31AE544C000E71811 /* RMX.swift */; };
		6C929A341AE54DCA00E71811 /* RMXDebugger.swift in Sources */ = {isa = PBXBuildFile; fileRef = 6C9299C41AE544C000E71811 /* RMXDebugger.swift */; };
		6C929A351AE54DCA00E71811 /* RMXQuestions.swift in Sources */ = {isa = PBXBuildFile; fileRef = 6C9299C51AE544C000E71811 /* RMXQuestions.swift */; };
		6C929A361AE54DCA00E71811 /* RMXValue.swift in Sources */ = {isa = PBXBuildFile; fileRef = 6C9299C61AE544C000E71811 /* RMXValue.swift */; };
		6C929A371AE54E3E00E71811 /* art.scnassets in Resources */ = {isa = PBXBuildFile; fileRef = 6C9299F01AE544D500E71811 /* art.scnassets */; };
		6CAE15511B1C5E950025B208 /* RMXSpriteTimer.swift in Sources */ = {isa = PBXBuildFile; fileRef = 6CAE15501B1C5E950025B208 /* RMXSpriteTimer.swift */; };
		6CAE15521B1C5E950025B208 /* RMXSpriteTimer.swift in Sources */ = {isa = PBXBuildFile; fileRef = 6CAE15501B1C5E950025B208 /* RMXSpriteTimer.swift */; };
		6CAFB6721B170FB2006A1BA0 /* RMXAudioVideo.swift in Sources */ = {isa = PBXBuildFile; fileRef = 6CAFB6711B170FB2006A1BA0 /* RMXAudioVideo.swift */; };
		6CAFB6731B170FB2006A1BA0 /* RMXAudioVideo.swift in Sources */ = {isa = PBXBuildFile; fileRef = 6CAFB6711B170FB2006A1BA0 /* RMXAudioVideo.swift */; };
		6CAFB6741B170FB2006A1BA0 /* RMXAudioVideo.swift in Sources */ = {isa = PBXBuildFile; fileRef = 6CAFB6711B170FB2006A1BA0 /* RMXAudioVideo.swift */; };
		6CAFB6761B1734C2006A1BA0 /* Pop.m4a in Resources */ = {isa = PBXBuildFile; fileRef = 6CAFB6751B1734C2006A1BA0 /* Pop.m4a */; };
		6CAFB6771B1734C2006A1BA0 /* Pop.m4a in Resources */ = {isa = PBXBuildFile; fileRef = 6CAFB6751B1734C2006A1BA0 /* Pop.m4a */; };
		6CAFB6781B1734C2006A1BA0 /* Pop.m4a in Resources */ = {isa = PBXBuildFile; fileRef = 6CAFB6751B1734C2006A1BA0 /* Pop.m4a */; };
		6CB6A1A31B0D267100136DCF /* Buttons.swift in Sources */ = {isa = PBXBuildFile; fileRef = 6CB6A1A21B0D267100136DCF /* Buttons.swift */; };
		6CB6A1A41B0D311E00136DCF /* icons.xcassets in Resources */ = {isa = PBXBuildFile; fileRef = 6C4A286A1B03ACCC001C3F5B /* icons.xcassets */; };
/* End PBXBuildFile section */

/* Begin PBXContainerItemProxy section */
		6C73A8B71B0A66E300187A61 /* PBXContainerItemProxy */ = {
			isa = PBXContainerItemProxy;
			containerPortal = 6C9299831AE5432000E71811 /* Project object */;
			proxyType = 1;
			remoteGlobalIDString = 6C73A89D1B0A66E300187A61;
			remoteInfo = AiSprite;
		};
		6C9299A31AE5432100E71811 /* PBXContainerItemProxy */ = {
			isa = PBXContainerItemProxy;
			containerPortal = 6C9299831AE5432000E71811 /* Project object */;
			proxyType = 1;
			remoteGlobalIDString = 6C92998A1AE5432000E71811;
			remoteInfo = AiScene;
		};
		6C929A101AE5497900E71811 /* PBXContainerItemProxy */ = {
			isa = PBXContainerItemProxy;
			containerPortal = 6C9299831AE5432000E71811 /* Project object */;
			proxyType = 1;
			remoteGlobalIDString = 6C9299F91AE5497800E71811;
			remoteInfo = "AiScene-OSX";
		};
/* End PBXContainerItemProxy section */

/* Begin PBXFileReference section */
		5031F3AA1B15AC4800FAB551 /* RMXCollider.swift */ = {isa = PBXFileReference; fileEncoding = 4; lastKnownFileType = sourcecode.swift; name = RMXCollider.swift; path = UserInterface/RMXCollider.swift; sourceTree = "<group>"; };
		5031F3AF1B15B0AA00FAB551 /* pop1.m4a */ = {isa = PBXFileReference; lastKnownFileType = file; path = pop1.m4a; sourceTree = "<group>"; };
		5031F3B01B15B0AA00FAB551 /* pop2.m4a */ = {isa = PBXFileReference; lastKnownFileType = file; path = pop2.m4a; sourceTree = "<group>"; };
		5031F3B71B15B25C00FAB551 /* Air Pressure Blast 1.caf */ = {isa = PBXFileReference; lastKnownFileType = file; path = "Air Pressure Blast 1.caf"; sourceTree = "<group>"; };
		5031F3BB1B15B72D00FAB551 /* Heavy Drag.caf */ = {isa = PBXFileReference; lastKnownFileType = file; path = "Heavy Drag.caf"; sourceTree = "<group>"; };
		5031F3BF1B15B74E00FAB551 /* Turntable Scratch 2.caf */ = {isa = PBXFileReference; lastKnownFileType = file; path = "Turntable Scratch 2.caf"; sourceTree = "<group>"; };
		5031F3C31B15B77F00FAB551 /* Air Reverse Burst 2.caf */ = {isa = PBXFileReference; lastKnownFileType = file; path = "Air Reverse Burst 2.caf"; sourceTree = "<group>"; };
		5031F3C71B15B85100FAB551 /* Baseball Catch.caf */ = {isa = PBXFileReference; lastKnownFileType = file; path = "Baseball Catch.caf"; sourceTree = "<group>"; };
		5031F3CB1B15B87C00FAB551 /* Body Hit 01.caf */ = {isa = PBXFileReference; lastKnownFileType = file; path = "Body Hit 01.caf"; sourceTree = "<group>"; };
		50AC218A1B17AABA00A9BD28 /* TeamGame.swift */ = {isa = PBXFileReference; fileEncoding = 4; lastKnownFileType = sourcecode.swift; name = TeamGame.swift; path = ../Initialisation/TeamGame.swift; sourceTree = "<group>"; };
		50B563EC1B13A7F2008AB47D /* SCNNode-extension.swift */ = {isa = PBXFileReference; fileEncoding = 4; lastKnownFileType = sourcecode.swift; path = "SCNNode-extension.swift"; sourceTree = "<group>"; };
		50BF107D1B16030D00680768 /* RMXTracker.swift */ = {isa = PBXFileReference; fileEncoding = 4; lastKnownFileType = sourcecode.swift; name = RMXTracker.swift; path = Ai/RMXTracker.swift; sourceTree = "<group>"; };
		50DE71EF1B1B390C007C0851 /* UserActions.swift */ = {isa = PBXFileReference; fileEncoding = 4; lastKnownFileType = sourcecode.swift; path = UserActions.swift; sourceTree = "<group>"; };
		6C206C3B1B2586AF00D83CC0 /* RMXSceneKit.swift */ = {isa = PBXFileReference; fileEncoding = 4; lastKnownFileType = sourcecode.swift; path = RMXSceneKit.swift; sourceTree = "<group>"; };
		6C206C461B258B2C00D83CC0 /* RMXAiDelegate.swift */ = {isa = PBXFileReference; fileEncoding = 4; lastKnownFileType = sourcecode.swift; path = RMXAiDelegate.swift; sourceTree = "<group>"; };
		6C206C511B25911C00D83CC0 /* RMXSprite.swift */ = {isa = PBXFileReference; fileEncoding = 4; lastKnownFileType = sourcecode.swift; path = RMXSprite.swift; sourceTree = "<group>"; };
		6C4A286A1B03ACCC001C3F5B /* icons.xcassets */ = {isa = PBXFileReference; lastKnownFileType = folder.assetcatalog; path = icons.xcassets; sourceTree = "<group>"; };
		6C4A28831B049FF9001C3F5B /* Observers.swift */ = {isa = PBXFileReference; fileEncoding = 4; lastKnownFileType = sourcecode.swift; path = Observers.swift; sourceTree = "<group>"; };
		6C6DD1A51B10C7F300107FAD /* AiCubo Basic.swift */ = {isa = PBXFileReference; fileEncoding = 4; lastKnownFileType = sourcecode.swift; path = "AiCubo Basic.swift"; sourceTree = "<group>"; };
		6C73A89E1B0A66E300187A61 /* AiSprite.app */ = {isa = PBXFileReference; explicitFileType = wrapper.application; includeInIndex = 0; path = AiSprite.app; sourceTree = BUILT_PRODUCTS_DIR; };
		6C73A8A11B0A66E300187A61 /* Info.plist */ = {isa = PBXFileReference; lastKnownFileType = text.plist.xml; path = Info.plist; sourceTree = "<group>"; };
		6C73A8A21B0A66E300187A61 /* AppDelegate.swift */ = {isa = PBXFileReference; lastKnownFileType = sourcecode.swift; path = AppDelegate.swift; sourceTree = "<group>"; };
		6C73A8A41B0A66E300187A61 /* GameScene.sks */ = {isa = PBXFileReference; lastKnownFileType = file.sks; path = GameScene.sks; sourceTree = "<group>"; };
		6C73A8A61B0A66E300187A61 /* GameScene.swift */ = {isa = PBXFileReference; lastKnownFileType = sourcecode.swift; path = GameScene.swift; sourceTree = "<group>"; };
		6C73A8A81B0A66E300187A61 /* GameViewController.swift */ = {isa = PBXFileReference; lastKnownFileType = sourcecode.swift; path = GameViewController.swift; sourceTree = "<group>"; };
		6C73A8AB1B0A66E300187A61 /* Base */ = {isa = PBXFileReference; lastKnownFileType = file.storyboard; name = Base; path = Base.lproj/Main.storyboard; sourceTree = "<group>"; };
		6C73A8AD1B0A66E300187A61 /* Images.xcassets */ = {isa = PBXFileReference; lastKnownFileType = folder.assetcatalog; path = Images.xcassets; sourceTree = "<group>"; };
		6C73A8B01B0A66E300187A61 /* Base */ = {isa = PBXFileReference; lastKnownFileType = file.xib; name = Base; path = Base.lproj/LaunchScreen.xib; sourceTree = "<group>"; };
		6C73A8B61B0A66E300187A61 /* AiSpriteTests.xctest */ = {isa = PBXFileReference; explicitFileType = wrapper.cfbundle; includeInIndex = 0; path = AiSpriteTests.xctest; sourceTree = BUILT_PRODUCTS_DIR; };
		6C73A8BB1B0A66E300187A61 /* Info.plist */ = {isa = PBXFileReference; lastKnownFileType = text.plist.xml; path = Info.plist; sourceTree = "<group>"; };
		6C73A8BC1B0A66E300187A61 /* AiSpriteTests.swift */ = {isa = PBXFileReference; lastKnownFileType = sourcecode.swift; path = AiSpriteTests.swift; sourceTree = "<group>"; };
		6C73A8DA1B0A6E5F00187A61 /* 2dModels.swift */ = {isa = PBXFileReference; fileEncoding = 4; lastKnownFileType = sourcecode.swift; path = 2dModels.swift; sourceTree = "<group>"; };
		6C73A8DE1B0A6E8000187A61 /* RMXModels.swift */ = {isa = PBXFileReference; fileEncoding = 4; lastKnownFileType = sourcecode.swift; path = RMXModels.swift; sourceTree = "<group>"; };
		6C73A8E41B0A75DC00187A61 /* RMXScene.swift */ = {isa = PBXFileReference; fileEncoding = 4; lastKnownFileType = sourcecode.swift; path = RMXScene.swift; sourceTree = "<group>"; };
		6C8CCAF31B0B5E3000D8DC99 /* RMXAi.swift */ = {isa = PBXFileReference; fileEncoding = 4; lastKnownFileType = sourcecode.swift; name = RMXAi.swift; path = Environment/RMXAi.swift; sourceTree = "<group>"; };
		6C8F11C21B1C193E009F49DB /* RMGameKit.swift */ = {isa = PBXFileReference; fileEncoding = 4; lastKnownFileType = sourcecode.swift; name = RMGameKit.swift; path = GameKit/RMGameKit.swift; sourceTree = "<group>"; };
		6C8F11C71B1C1963009F49DB /* AiScene-OSX.entitlements */ = {isa = PBXFileReference; lastKnownFileType = text.xml; path = "AiScene-OSX.entitlements"; sourceTree = "<group>"; };
		6C8F11CA1B1C199E009F49DB /* GameKit.framework */ = {isa = PBXFileReference; lastKnownFileType = wrapper.framework; name = GameKit.framework; path = System/Library/Frameworks/GameKit.framework; sourceTree = SDKROOT; };
		6C8F11CC1B1C19A1009F49DB /* StoreKit.framework */ = {isa = PBXFileReference; lastKnownFileType = wrapper.framework; name = StoreKit.framework; path = System/Library/Frameworks/StoreKit.framework; sourceTree = SDKROOT; };
		6C8F11CF1B1C1D8E009F49DB /* GCViewController.swift */ = {isa = PBXFileReference; fileEncoding = 4; lastKnownFileType = sourcecode.swift; name = GCViewController.swift; path = GameKit/GCViewController.swift; sourceTree = "<group>"; };
		6C92998B1AE5432000E71811 /* AiScene.app */ = {isa = PBXFileReference; explicitFileType = wrapper.application; includeInIndex = 0; path = AiScene.app; sourceTree = BUILT_PRODUCTS_DIR; };
		6C92998F1AE5432000E71811 /* Info.plist */ = {isa = PBXFileReference; lastKnownFileType = text.plist.xml; path = Info.plist; sourceTree = "<group>"; };
		6C9299971AE5432000E71811 /* Base */ = {isa = PBXFileReference; lastKnownFileType = file.storyboard; name = Base; path = Base.lproj/Main.storyboard; sourceTree = "<group>"; };
		6C92999C1AE5432000E71811 /* Base */ = {isa = PBXFileReference; lastKnownFileType = file.xib; name = Base; path = Base.lproj/LaunchScreen.xib; sourceTree = "<group>"; };
		6C9299A21AE5432100E71811 /* AiSceneTests.xctest */ = {isa = PBXFileReference; explicitFileType = wrapper.cfbundle; includeInIndex = 0; path = AiSceneTests.xctest; sourceTree = BUILT_PRODUCTS_DIR; };
		6C9299A71AE5432100E71811 /* Info.plist */ = {isa = PBXFileReference; lastKnownFileType = text.plist.xml; path = Info.plist; sourceTree = "<group>"; };
		6C9299A81AE5432100E71811 /* AiSceneTests.swift */ = {isa = PBXFileReference; lastKnownFileType = sourcecode.swift; path = AiSceneTests.swift; sourceTree = "<group>"; };
		6C9299B81AE544C000E71811 /* 3dModels.swift */ = {isa = PBXFileReference; fileEncoding = 4; lastKnownFileType = sourcecode.swift; path = 3dModels.swift; sourceTree = "<group>"; };
		6C9299B91AE544C000E71811 /* RMSArt.swift */ = {isa = PBXFileReference; fileEncoding = 4; lastKnownFileType = sourcecode.swift; path = RMSArt.swift; sourceTree = "<group>"; };
		6C9299BB1AE544C000E71811 /* RMSWorld.swift */ = {isa = PBXFileReference; fileEncoding = 4; lastKnownFileType = sourcecode.swift; path = RMSWorld.swift; sourceTree = "<group>"; };
		6C9299BC1AE544C000E71811 /* RMXCamera.swift */ = {isa = PBXFileReference; fileEncoding = 4; lastKnownFileType = sourcecode.swift; path = RMXCamera.swift; sourceTree = "<group>"; };
		6C9299BD1AE544C000E71811 /* RMXClock.swift */ = {isa = PBXFileReference; fileEncoding = 4; lastKnownFileType = sourcecode.swift; path = RMXClock.swift; sourceTree = "<group>"; };
		6C9299BE1AE544C000E71811 /* RMXNode.swift */ = {isa = PBXFileReference; fileEncoding = 4; lastKnownFileType = sourcecode.swift; path = RMXNode.swift; sourceTree = "<group>"; };
		6C9299BF1AE544C000E71811 /* RM3DEntity.swift */ = {isa = PBXFileReference; fileEncoding = 4; lastKnownFileType = sourcecode.swift; path = RM3DEntity.swift; sourceTree = "<group>"; };
		6C9299C11AE544C000E71811 /* RMSEquations.swift */ = {isa = PBXFileReference; fileEncoding = 4; lastKnownFileType = sourcecode.swift; path = RMSEquations.swift; sourceTree = "<group>"; };
		6C9299C21AE544C000E71811 /* RMSMaths.swift */ = {isa = PBXFileReference; fileEncoding = 4; lastKnownFileType = sourcecode.swift; path = RMSMaths.swift; sourceTree = "<group>"; };
		6C9299C31AE544C000E71811 /* RMX.swift */ = {isa = PBXFileReference; fileEncoding = 4; lastKnownFileType = sourcecode.swift; path = RMX.swift; sourceTree = "<group>"; };
		6C9299C41AE544C000E71811 /* RMXDebugger.swift */ = {isa = PBXFileReference; fileEncoding = 4; lastKnownFileType = sourcecode.swift; path = RMXDebugger.swift; sourceTree = "<group>"; };
		6C9299C51AE544C000E71811 /* RMXQuestions.swift */ = {isa = PBXFileReference; fileEncoding = 4; lastKnownFileType = sourcecode.swift; name = RMXQuestions.swift; path = Generics/RMXQuestions.swift; sourceTree = "<group>"; };
		6C9299C61AE544C000E71811 /* RMXValue.swift */ = {isa = PBXFileReference; fileEncoding = 4; lastKnownFileType = sourcecode.swift; path = RMXValue.swift; sourceTree = "<group>"; };
		6C9299C91AE544C000E71811 /* GameView.swift */ = {isa = PBXFileReference; fileEncoding = 4; lastKnownFileType = sourcecode.swift; path = GameView.swift; sourceTree = "<group>"; };
		6C9299CA1AE544C000E71811 /* GameViewController.swift */ = {isa = PBXFileReference; fileEncoding = 4; lastKnownFileType = sourcecode.swift; path = GameViewController.swift; sourceTree = "<group>"; };
		6C9299CB1AE544C000E71811 /* RMXInitialize.swift */ = {isa = PBXFileReference; fileEncoding = 4; lastKnownFileType = sourcecode.swift; path = RMXInitialize.swift; sourceTree = "<group>"; };
		6C9299CD1AE544C000E71811 /* RMXController.swift */ = {isa = PBXFileReference; fileEncoding = 4; lastKnownFileType = sourcecode.swift; path = RMXController.swift; sourceTree = "<group>"; };
		6C9299CE1AE544C000E71811 /* RMXViewController.swift */ = {isa = PBXFileReference; fileEncoding = 4; lastKnownFileType = sourcecode.swift; path = RMXViewController.swift; sourceTree = "<group>"; };
		6C9299D01AE544C000E71811 /* Accelorometer.swift */ = {isa = PBXFileReference; fileEncoding = 4; lastKnownFileType = sourcecode.swift; path = Accelorometer.swift; sourceTree = "<group>"; };
		6C9299D11AE544C000E71811 /* iOSControllers.swift */ = {isa = PBXFileReference; fileEncoding = 4; lastKnownFileType = sourcecode.swift; path = iOSControllers.swift; sourceTree = "<group>"; };
		6C9299D21AE544C000E71811 /* RMSActionProcessor.swift */ = {isa = PBXFileReference; fileEncoding = 4; lastKnownFileType = sourcecode.swift; path = RMSActionProcessor.swift; sourceTree = "<group>"; };
		6C9299D31AE544C000E71811 /* RMSKeys.swift */ = {isa = PBXFileReference; fileEncoding = 4; lastKnownFileType = sourcecode.swift; path = RMSKeys.swift; sourceTree = "<group>"; };
		6C9299D41AE544C000E71811 /* RMXDPad.swift */ = {isa = PBXFileReference; fileEncoding = 4; lastKnownFileType = sourcecode.swift; path = RMXDPad.swift; sourceTree = "<group>"; };
		6C9299D51AE544C000E71811 /* RMXInterface.swift */ = {isa = PBXFileReference; fileEncoding = 4; lastKnownFileType = sourcecode.swift; path = RMXInterface.swift; sourceTree = "<group>"; };
		6C9299F01AE544D500E71811 /* art.scnassets */ = {isa = PBXFileReference; lastKnownFileType = wrapper.scnassets; name = art.scnassets; path = ../art.scnassets; sourceTree = SOURCE_ROOT; };
		6C9299F21AE5457700E71811 /* ChildSpriteArray.swift */ = {isa = PBXFileReference; fileEncoding = 4; lastKnownFileType = sourcecode.swift; path = ChildSpriteArray.swift; sourceTree = "<group>"; };
		6C9299F41AE5467000E71811 /* AppDelegate.swift */ = {isa = PBXFileReference; fileEncoding = 4; lastKnownFileType = sourcecode.swift; path = AppDelegate.swift; sourceTree = "<group>"; };
		6C9299FA1AE5497800E71811 /* AiScene-OSX.app */ = {isa = PBXFileReference; explicitFileType = wrapper.application; includeInIndex = 0; path = "AiScene-OSX.app"; sourceTree = BUILT_PRODUCTS_DIR; };
		6C9299FD1AE5497800E71811 /* Info.plist */ = {isa = PBXFileReference; lastKnownFileType = text.plist.xml; path = Info.plist; sourceTree = "<group>"; };
		6C9299FE1AE5497800E71811 /* AppDelegate.swift */ = {isa = PBXFileReference; lastKnownFileType = sourcecode.swift; path = AppDelegate.swift; sourceTree = "<group>"; };
		6C929A091AE5497900E71811 /* Base */ = {isa = PBXFileReference; lastKnownFileType = file.xib; name = Base; path = Base.lproj/MainMenu.xib; sourceTree = "<group>"; };
		6C929A0F1AE5497900E71811 /* AiScene-OSXTests.xctest */ = {isa = PBXFileReference; explicitFileType = wrapper.cfbundle; includeInIndex = 0; path = "AiScene-OSXTests.xctest"; sourceTree = BUILT_PRODUCTS_DIR; };
		6C929A141AE5497900E71811 /* Info.plist */ = {isa = PBXFileReference; lastKnownFileType = text.plist.xml; path = Info.plist; sourceTree = "<group>"; };
		6C929A151AE5497900E71811 /* AiScene_OSXTests.swift */ = {isa = PBXFileReference; lastKnownFileType = sourcecode.swift; path = AiScene_OSXTests.swift; sourceTree = "<group>"; };
		6CAE15501B1C5E950025B208 /* RMXSpriteTimer.swift */ = {isa = PBXFileReference; fileEncoding = 4; lastKnownFileType = sourcecode.swift; path = RMXSpriteTimer.swift; sourceTree = "<group>"; };
		6CAFB6711B170FB2006A1BA0 /* RMXAudioVideo.swift */ = {isa = PBXFileReference; fileEncoding = 4; lastKnownFileType = sourcecode.swift; path = RMXAudioVideo.swift; sourceTree = "<group>"; };
		6CAFB6751B1734C2006A1BA0 /* Pop.m4a */ = {isa = PBXFileReference; lastKnownFileType = file; path = Pop.m4a; sourceTree = "<group>"; };
		6CB6A1A21B0D267100136DCF /* Buttons.swift */ = {isa = PBXFileReference; fileEncoding = 4; lastKnownFileType = sourcecode.swift; path = Buttons.swift; sourceTree = "<group>"; };
/* End PBXFileReference section */

/* Begin PBXFrameworksBuildPhase section */
		6C73A89B1B0A66E300187A61 /* Frameworks */ = {
			isa = PBXFrameworksBuildPhase;
			buildActionMask = 2147483647;
			files = (
			);
			runOnlyForDeploymentPostprocessing = 0;
		};
		6C73A8B31B0A66E300187A61 /* Frameworks */ = {
			isa = PBXFrameworksBuildPhase;
			buildActionMask = 2147483647;
			files = (
			);
			runOnlyForDeploymentPostprocessing = 0;
		};
		6C9299881AE5432000E71811 /* Frameworks */ = {
			isa = PBXFrameworksBuildPhase;
			buildActionMask = 2147483647;
			files = (
				6C8F11CB1B1C199E009F49DB /* GameKit.framework in Frameworks */,
				6C8F11CD1B1C19A1009F49DB /* StoreKit.framework in Frameworks */,
			);
			runOnlyForDeploymentPostprocessing = 0;
		};
		6C92999F1AE5432100E71811 /* Frameworks */ = {
			isa = PBXFrameworksBuildPhase;
			buildActionMask = 2147483647;
			files = (
			);
			runOnlyForDeploymentPostprocessing = 0;
		};
		6C9299F71AE5497800E71811 /* Frameworks */ = {
			isa = PBXFrameworksBuildPhase;
			buildActionMask = 2147483647;
			files = (
			);
			runOnlyForDeploymentPostprocessing = 0;
		};
		6C929A0C1AE5497900E71811 /* Frameworks */ = {
			isa = PBXFrameworksBuildPhase;
			buildActionMask = 2147483647;
			files = (
			);
			runOnlyForDeploymentPostprocessing = 0;
		};
/* End PBXFrameworksBuildPhase section */

/* Begin PBXGroup section */
		5031F3A91B15ABFF00FAB551 /* Ai */ = {
			isa = PBXGroup;
			children = (
				6C206C461B258B2C00D83CC0 /* RMXAiDelegate.swift */,
				6C8CCAF31B0B5E3000D8DC99 /* RMXAi.swift */,
				6C9299C51AE544C000E71811 /* RMXQuestions.swift */,
				5031F3AA1B15AC4800FAB551 /* RMXCollider.swift */,
				50BF107D1B16030D00680768 /* RMXTracker.swift */,
			);
			name = Ai;
			sourceTree = "<group>";
		};
		5031F3AE1B15B0AA00FAB551 /* Audio */ = {
			isa = PBXGroup;
			children = (
				6CAFB6751B1734C2006A1BA0 /* Pop.m4a */,
				5031F3CB1B15B87C00FAB551 /* Body Hit 01.caf */,
				5031F3BF1B15B74E00FAB551 /* Turntable Scratch 2.caf */,
				5031F3C71B15B85100FAB551 /* Baseball Catch.caf */,
				5031F3C31B15B77F00FAB551 /* Air Reverse Burst 2.caf */,
				5031F3BB1B15B72D00FAB551 /* Heavy Drag.caf */,
				5031F3B71B15B25C00FAB551 /* Air Pressure Blast 1.caf */,
				5031F3AF1B15B0AA00FAB551 /* pop1.m4a */,
				5031F3B01B15B0AA00FAB551 /* pop2.m4a */,
			);
			name = Audio;
			path = ../Audio;
			sourceTree = "<group>";
		};
		6C4A28821B03ACDB001C3F5B /* Media */ = {
			isa = PBXGroup;
			children = (
				5031F3AE1B15B0AA00FAB551 /* Audio */,
				6C4A286A1B03ACCC001C3F5B /* icons.xcassets */,
			);
			name = Media;
			sourceTree = "<group>";
		};
		6C73A89F1B0A66E300187A61 /* AiSprite */ = {
			isa = PBXGroup;
			children = (
				6C73A8A21B0A66E300187A61 /* AppDelegate.swift */,
				6C73A8A41B0A66E300187A61 /* GameScene.sks */,
				6C73A8A61B0A66E300187A61 /* GameScene.swift */,
				6C73A8A81B0A66E300187A61 /* GameViewController.swift */,
				6C73A8AA1B0A66E300187A61 /* Main.storyboard */,
				6C73A8AD1B0A66E300187A61 /* Images.xcassets */,
				6C73A8AF1B0A66E300187A61 /* LaunchScreen.xib */,
				6C73A8A01B0A66E300187A61 /* Supporting Files */,
			);
			path = AiSprite;
			sourceTree = "<group>";
		};
		6C73A8A01B0A66E300187A61 /* Supporting Files */ = {
			isa = PBXGroup;
			children = (
				6C73A8A11B0A66E300187A61 /* Info.plist */,
			);
			name = "Supporting Files";
			sourceTree = "<group>";
		};
		6C73A8B91B0A66E300187A61 /* AiSpriteTests */ = {
			isa = PBXGroup;
			children = (
				6C73A8BC1B0A66E300187A61 /* AiSpriteTests.swift */,
				6C73A8BA1B0A66E300187A61 /* Supporting Files */,
			);
			path = AiSpriteTests;
			sourceTree = "<group>";
		};
		6C73A8BA1B0A66E300187A61 /* Supporting Files */ = {
			isa = PBXGroup;
			children = (
				6C73A8BB1B0A66E300187A61 /* Info.plist */,
			);
			name = "Supporting Files";
			sourceTree = "<group>";
		};
		6C73A8D91B0A6D7900187A61 /* Art */ = {
			isa = PBXGroup;
			children = (
				6C73A8DE1B0A6E8000187A61 /* RMXModels.swift */,
				6C9299B81AE544C000E71811 /* 3dModels.swift */,
				6C73A8DA1B0A6E5F00187A61 /* 2dModels.swift */,
				6C9299B91AE544C000E71811 /* RMSArt.swift */,
			);
			name = Art;
			path = Environment;
			sourceTree = "<group>";
		};
		6C8F11C41B1C1942009F49DB /* GameKit */ = {
			isa = PBXGroup;
			children = (
				6C8F11C21B1C193E009F49DB /* RMGameKit.swift */,
				6C8F11CF1B1C1D8E009F49DB /* GCViewController.swift */,
			);
			name = GameKit;
			sourceTree = "<group>";
		};
		6C9299821AE5432000E71811 = {
			isa = PBXGroup;
			children = (
				6C8F11CC1B1C19A1009F49DB /* StoreKit.framework */,
				6C8F11CA1B1C199E009F49DB /* GameKit.framework */,
				6C4A28821B03ACDB001C3F5B /* Media */,
				6C9299F01AE544D500E71811 /* art.scnassets */,
				6C9299B31AE544C000E71811 /* Source */,
				6C92998D1AE5432000E71811 /* AiScene */,
				6C9299A51AE5432100E71811 /* AiSceneTests */,
				6C9299FB1AE5497800E71811 /* AiScene-OSX */,
				6C929A121AE5497900E71811 /* AiScene-OSXTests */,
				6C73A89F1B0A66E300187A61 /* AiSprite */,
				6C73A8B91B0A66E300187A61 /* AiSpriteTests */,
				6C92998C1AE5432000E71811 /* Products */,
			);
			sourceTree = "<group>";
		};
		6C92998C1AE5432000E71811 /* Products */ = {
			isa = PBXGroup;
			children = (
				6C92998B1AE5432000E71811 /* AiScene.app */,
				6C9299A21AE5432100E71811 /* AiSceneTests.xctest */,
				6C9299FA1AE5497800E71811 /* AiScene-OSX.app */,
				6C929A0F1AE5497900E71811 /* AiScene-OSXTests.xctest */,
				6C73A89E1B0A66E300187A61 /* AiSprite.app */,
				6C73A8B61B0A66E300187A61 /* AiSpriteTests.xctest */,
			);
			name = Products;
			sourceTree = "<group>";
		};
		6C92998D1AE5432000E71811 /* AiScene */ = {
			isa = PBXGroup;
			children = (
				6C9299961AE5432000E71811 /* Main.storyboard */,
				6C9299F41AE5467000E71811 /* AppDelegate.swift */,
				6C92999B1AE5432000E71811 /* LaunchScreen.xib */,
				6C92998E1AE5432000E71811 /* Supporting Files */,
			);
			path = AiScene;
			sourceTree = "<group>";
		};
		6C92998E1AE5432000E71811 /* Supporting Files */ = {
			isa = PBXGroup;
			children = (
				6C92998F1AE5432000E71811 /* Info.plist */,
			);
			name = "Supporting Files";
			sourceTree = "<group>";
		};
		6C9299A51AE5432100E71811 /* AiSceneTests */ = {
			isa = PBXGroup;
			children = (
				6C9299A81AE5432100E71811 /* AiSceneTests.swift */,
				6C9299A61AE5432100E71811 /* Supporting Files */,
			);
			path = AiSceneTests;
			sourceTree = "<group>";
		};
		6C9299A61AE5432100E71811 /* Supporting Files */ = {
			isa = PBXGroup;
			children = (
				6C9299A71AE5432100E71811 /* Info.plist */,
			);
			name = "Supporting Files";
			sourceTree = "<group>";
		};
		6C9299B31AE544C000E71811 /* Source */ = {
			isa = PBXGroup;
			children = (
				6CDF866E1B1EF266001F270B /* 3DGaming */,
				5031F3A91B15ABFF00FAB551 /* Ai */,
				6C73A8D91B0A6D7900187A61 /* Art */,
				6C9299B71AE544C000E71811 /* Environment */,
				6C9299C01AE544C000E71811 /* Generics */,
				6C9299C81AE544C000E71811 /* Initialisation */,
				6C9299CC1AE544C000E71811 /* Protocols */,
				6C9299CF1AE544C000E71811 /* UserInterface */,
				6C8F11C41B1C1942009F49DB /* GameKit */,
			);
			name = Source;
			path = ../Source;
			sourceTree = "<group>";
		};
		6C9299B71AE544C000E71811 /* Environment */ = {
			isa = PBXGroup;
			children = (
				6CAE15501B1C5E950025B208 /* RMXSpriteTimer.swift */,
				6C9299F21AE5457700E71811 /* ChildSpriteArray.swift */,
				6C9299BB1AE544C000E71811 /* RMSWorld.swift */,
				50AC218A1B17AABA00A9BD28 /* TeamGame.swift */,
				6C9299BC1AE544C000E71811 /* RMXCamera.swift */,
				6C9299BD1AE544C000E71811 /* RMXClock.swift */,
				6C9299BE1AE544C000E71811 /* RMXNode.swift */,
				50B563EC1B13A7F2008AB47D /* SCNNode-extension.swift */,
				6C73A8E41B0A75DC00187A61 /* RMXScene.swift */,
				6C9299BF1AE544C000E71811 /* RM3DEntity.swift */,
				6C206C511B25911C00D83CC0 /* RMXSprite.swift */,
				6C4A28831B049FF9001C3F5B /* Observers.swift */,
			);
			path = Environment;
			sourceTree = "<group>";
		};
		6C9299C01AE544C000E71811 /* Generics */ = {
			isa = PBXGroup;
			children = (
				6C9299C11AE544C000E71811 /* RMSEquations.swift */,
				6C9299C21AE544C000E71811 /* RMSMaths.swift */,
				6C9299C31AE544C000E71811 /* RMX.swift */,
				6C206C3B1B2586AF00D83CC0 /* RMXSceneKit.swift */,
				6C9299C41AE544C000E71811 /* RMXDebugger.swift */,
				6C9299C61AE544C000E71811 /* RMXValue.swift */,
			);
			path = Generics;
			sourceTree = "<group>";
		};
		6C9299C81AE544C000E71811 /* Initialisation */ = {
			isa = PBXGroup;
			children = (
				6C9299C91AE544C000E71811 /* GameView.swift */,
				6C9299CA1AE544C000E71811 /* GameViewController.swift */,
				6C6DD1A51B10C7F300107FAD /* AiCubo Basic.swift */,
				6C9299CB1AE544C000E71811 /* RMXInitialize.swift */,
			);
			path = Initialisation;
			sourceTree = "<group>";
		};
		6C9299CC1AE544C000E71811 /* Protocols */ = {
			isa = PBXGroup;
			children = (
				6C9299CD1AE544C000E71811 /* RMXController.swift */,
				6C9299CE1AE544C000E71811 /* RMXViewController.swift */,
			);
			path = Protocols;
			sourceTree = "<group>";
		};
		6C9299CF1AE544C000E71811 /* UserInterface */ = {
			isa = PBXGroup;
			children = (
				6CAFB6711B170FB2006A1BA0 /* RMXAudioVideo.swift */,
				6C9299D01AE544C000E71811 /* Accelorometer.swift */,
				6C9299D11AE544C000E71811 /* iOSControllers.swift */,
				6CB6A1A21B0D267100136DCF /* Buttons.swift */,
				6C9299D21AE544C000E71811 /* RMSActionProcessor.swift */,
				6C9299D31AE544C000E71811 /* RMSKeys.swift */,
				6C9299D41AE544C000E71811 /* RMXDPad.swift */,
				6C9299D51AE544C000E71811 /* RMXInterface.swift */,
				50DE71EF1B1B390C007C0851 /* UserActions.swift */,
			);
			path = UserInterface;
			sourceTree = "<group>";
		};
		6C9299FB1AE5497800E71811 /* AiScene-OSX */ = {
			isa = PBXGroup;
			children = (
				6C8F11C71B1C1963009F49DB /* AiScene-OSX.entitlements */,
				6C9299FE1AE5497800E71811 /* AppDelegate.swift */,
				6C929A081AE5497900E71811 /* MainMenu.xib */,
				6C9299FC1AE5497800E71811 /* Supporting Files */,
			);
			path = "AiScene-OSX";
			sourceTree = "<group>";
		};
		6C9299FC1AE5497800E71811 /* Supporting Files */ = {
			isa = PBXGroup;
			children = (
				6C9299FD1AE5497800E71811 /* Info.plist */,
			);
			name = "Supporting Files";
			sourceTree = "<group>";
		};
		6C929A121AE5497900E71811 /* AiScene-OSXTests */ = {
			isa = PBXGroup;
			children = (
				6C929A151AE5497900E71811 /* AiScene_OSXTests.swift */,
				6C929A131AE5497900E71811 /* Supporting Files */,
			);
			path = "AiScene-OSXTests";
			sourceTree = "<group>";
		};
		6C929A131AE5497900E71811 /* Supporting Files */ = {
			isa = PBXGroup;
			children = (
				6C929A141AE5497900E71811 /* Info.plist */,
			);
			name = "Supporting Files";
			sourceTree = "<group>";
		};
		6CDF866E1B1EF266001F270B /* 3DGaming */ = {
			isa = PBXGroup;
			children = (
			);
			name = 3DGaming;
			sourceTree = "<group>";
		};
/* End PBXGroup section */

/* Begin PBXNativeTarget section */
		6C73A89D1B0A66E300187A61 /* AiSprite */ = {
			isa = PBXNativeTarget;
			buildConfigurationList = 6C73A8C21B0A66E300187A61 /* Build configuration list for PBXNativeTarget "AiSprite" */;
			buildPhases = (
				6C73A89A1B0A66E300187A61 /* Sources */,
				6C73A89B1B0A66E300187A61 /* Frameworks */,
				6C73A89C1B0A66E300187A61 /* Resources */,
			);
			buildRules = (
			);
			dependencies = (
			);
			name = AiSprite;
			productName = AiSprite;
			productReference = 6C73A89E1B0A66E300187A61 /* AiSprite.app */;
			productType = "com.apple.product-type.application";
		};
		6C73A8B51B0A66E300187A61 /* AiSpriteTests */ = {
			isa = PBXNativeTarget;
			buildConfigurationList = 6C73A8C31B0A66E300187A61 /* Build configuration list for PBXNativeTarget "AiSpriteTests" */;
			buildPhases = (
				6C73A8B21B0A66E300187A61 /* Sources */,
				6C73A8B31B0A66E300187A61 /* Frameworks */,
				6C73A8B41B0A66E300187A61 /* Resources */,
			);
			buildRules = (
			);
			dependencies = (
				6C73A8B81B0A66E300187A61 /* PBXTargetDependency */,
			);
			name = AiSpriteTests;
			productName = AiSpriteTests;
			productReference = 6C73A8B61B0A66E300187A61 /* AiSpriteTests.xctest */;
			productType = "com.apple.product-type.bundle.unit-test";
		};
		6C92998A1AE5432000E71811 /* AiScene */ = {
			isa = PBXNativeTarget;
			buildConfigurationList = 6C9299AC1AE5432100E71811 /* Build configuration list for PBXNativeTarget "AiScene" */;
			buildPhases = (
				6C9299871AE5432000E71811 /* Sources */,
				6C9299881AE5432000E71811 /* Frameworks */,
				6C9299891AE5432000E71811 /* Resources */,
			);
			buildRules = (
			);
			dependencies = (
			);
			name = AiScene;
			productName = AiScene;
			productReference = 6C92998B1AE5432000E71811 /* AiScene.app */;
			productType = "com.apple.product-type.application";
		};
		6C9299A11AE5432100E71811 /* AiSceneTests */ = {
			isa = PBXNativeTarget;
			buildConfigurationList = 6C9299AF1AE5432100E71811 /* Build configuration list for PBXNativeTarget "AiSceneTests" */;
			buildPhases = (
				6C92999E1AE5432100E71811 /* Sources */,
				6C92999F1AE5432100E71811 /* Frameworks */,
				6C9299A01AE5432100E71811 /* Resources */,
			);
			buildRules = (
			);
			dependencies = (
				6C9299A41AE5432100E71811 /* PBXTargetDependency */,
			);
			name = AiSceneTests;
			productName = AiSceneTests;
			productReference = 6C9299A21AE5432100E71811 /* AiSceneTests.xctest */;
			productType = "com.apple.product-type.bundle.unit-test";
		};
		6C9299F91AE5497800E71811 /* AiScene-OSX */ = {
			isa = PBXNativeTarget;
			buildConfigurationList = 6C929A171AE5497900E71811 /* Build configuration list for PBXNativeTarget "AiScene-OSX" */;
			buildPhases = (
				6C9299F61AE5497800E71811 /* Sources */,
				6C9299F71AE5497800E71811 /* Frameworks */,
				6C9299F81AE5497800E71811 /* Resources */,
			);
			buildRules = (
			);
			dependencies = (
			);
			name = "AiScene-OSX";
			productName = "AiScene-OSX";
			productReference = 6C9299FA1AE5497800E71811 /* AiScene-OSX.app */;
			productType = "com.apple.product-type.application";
		};
		6C929A0E1AE5497900E71811 /* AiScene-OSXTests */ = {
			isa = PBXNativeTarget;
			buildConfigurationList = 6C929A1A1AE5497900E71811 /* Build configuration list for PBXNativeTarget "AiScene-OSXTests" */;
			buildPhases = (
				6C929A0B1AE5497900E71811 /* Sources */,
				6C929A0C1AE5497900E71811 /* Frameworks */,
				6C929A0D1AE5497900E71811 /* Resources */,
			);
			buildRules = (
			);
			dependencies = (
				6C929A111AE5497900E71811 /* PBXTargetDependency */,
			);
			name = "AiScene-OSXTests";
			productName = "AiScene-OSXTests";
			productReference = 6C929A0F1AE5497900E71811 /* AiScene-OSXTests.xctest */;
			productType = "com.apple.product-type.bundle.unit-test";
		};
/* End PBXNativeTarget section */

/* Begin PBXProject section */
		6C9299831AE5432000E71811 /* Project object */ = {
			isa = PBXProject;
			attributes = {
				LastUpgradeCheck = 0630;
				ORGANIZATIONNAME = "Rattle Media";
				TargetAttributes = {
					6C73A89D1B0A66E300187A61 = {
						CreatedOnToolsVersion = 6.3.1;
					};
					6C73A8B51B0A66E300187A61 = {
						CreatedOnToolsVersion = 6.3.1;
						TestTargetID = 6C73A89D1B0A66E300187A61;
					};
					6C92998A1AE5432000E71811 = {
						CreatedOnToolsVersion = 6.3;
						DevelopmentTeam = 668T39KN4E;
						SystemCapabilities = {
							com.apple.GameCenter = {
								enabled = 1;
							};
							com.apple.InAppPurchase = {
								enabled = 1;
							};
						};
					};
					6C9299A11AE5432100E71811 = {
						CreatedOnToolsVersion = 6.3;
						TestTargetID = 6C92998A1AE5432000E71811;
					};
					6C9299F91AE5497800E71811 = {
						CreatedOnToolsVersion = 6.3;
						SystemCapabilities = {
							com.apple.GameCenter = {
								enabled = 0;
							};
							com.apple.InAppPurchase = {
								enabled = 0;
							};
							com.apple.Sandbox = {
								enabled = 0;
							};
						};
					};
					6C929A0E1AE5497900E71811 = {
						CreatedOnToolsVersion = 6.3;
						TestTargetID = 6C9299F91AE5497800E71811;
					};
				};
			};
			buildConfigurationList = 6C9299861AE5432000E71811 /* Build configuration list for PBXProject "AiScene" */;
			compatibilityVersion = "Xcode 6.3";
			developmentRegion = English;
			hasScannedForEncodings = 0;
			knownRegions = (
				en,
				Base,
			);
			mainGroup = 6C9299821AE5432000E71811;
			productRefGroup = 6C92998C1AE5432000E71811 /* Products */;
			projectDirPath = "";
			projectRoot = "";
			targets = (
				6C92998A1AE5432000E71811 /* AiScene */,
				6C9299A11AE5432100E71811 /* AiSceneTests */,
				6C9299F91AE5497800E71811 /* AiScene-OSX */,
				6C929A0E1AE5497900E71811 /* AiScene-OSXTests */,
				6C73A89D1B0A66E300187A61 /* AiSprite */,
				6C73A8B51B0A66E300187A61 /* AiSpriteTests */,
			);
		};
/* End PBXProject section */

/* Begin PBXResourcesBuildPhase section */
		6C73A89C1B0A66E300187A61 /* Resources */ = {
			isa = PBXResourcesBuildPhase;
			buildActionMask = 2147483647;
			files = (
				6C73A8B11B0A66E300187A61 /* LaunchScreen.xib in Resources */,
				5031F3BE1B15B72D00FAB551 /* Heavy Drag.caf in Resources */,
				5031F3B61B15B0AA00FAB551 /* pop2.m4a in Resources */,
				6CAFB6781B1734C2006A1BA0 /* Pop.m4a in Resources */,
				5031F3C61B15B77F00FAB551 /* Air Reverse Burst 2.caf in Resources */,
				6C73A8AE1B0A66E300187A61 /* Images.xcassets in Resources */,
				5031F3C21B15B74E00FAB551 /* Turntable Scratch 2.caf in Resources */,
				6C73A8A51B0A66E300187A61 /* GameScene.sks in Resources */,
				5031F3B31B15B0AA00FAB551 /* pop1.m4a in Resources */,
				5031F3CA1B15B85100FAB551 /* Baseball Catch.caf in Resources */,
				6C73A8AC1B0A66E300187A61 /* Main.storyboard in Resources */,
				5031F3BA1B15B25C00FAB551 /* Air Pressure Blast 1.caf in Resources */,
				5031F3CE1B15B87C00FAB551 /* Body Hit 01.caf in Resources */,
			);
			runOnlyForDeploymentPostprocessing = 0;
		};
		6C73A8B41B0A66E300187A61 /* Resources */ = {
			isa = PBXResourcesBuildPhase;
			buildActionMask = 2147483647;
			files = (
			);
			runOnlyForDeploymentPostprocessing = 0;
		};
		6C9299891AE5432000E71811 /* Resources */ = {
			isa = PBXResourcesBuildPhase;
			buildActionMask = 2147483647;
			files = (
				6C4A28721B03ACCC001C3F5B /* icons.xcassets in Resources */,
				5031F3BC1B15B72D00FAB551 /* Heavy Drag.caf in Resources */,
				5031F3B41B15B0AA00FAB551 /* pop2.m4a in Resources */,
				6CAFB6761B1734C2006A1BA0 /* Pop.m4a in Resources */,
				5031F3C41B15B77F00FAB551 /* Air Reverse Burst 2.caf in Resources */,
				6C92999D1AE5432000E71811 /* LaunchScreen.xib in Resources */,
				5031F3C01B15B74E00FAB551 /* Turntable Scratch 2.caf in Resources */,
				6C9299F11AE544D500E71811 /* art.scnassets in Resources */,
				5031F3B11B15B0AA00FAB551 /* pop1.m4a in Resources */,
				5031F3C81B15B85100FAB551 /* Baseball Catch.caf in Resources */,
				6C9299981AE5432000E71811 /* Main.storyboard in Resources */,
				5031F3B81B15B25C00FAB551 /* Air Pressure Blast 1.caf in Resources */,
				5031F3CC1B15B87C00FAB551 /* Body Hit 01.caf in Resources */,
			);
			runOnlyForDeploymentPostprocessing = 0;
		};
		6C9299A01AE5432100E71811 /* Resources */ = {
			isa = PBXResourcesBuildPhase;
			buildActionMask = 2147483647;
			files = (
			);
			runOnlyForDeploymentPostprocessing = 0;
		};
		6C9299F81AE5497800E71811 /* Resources */ = {
			isa = PBXResourcesBuildPhase;
			buildActionMask = 2147483647;
			files = (
				5031F3B21B15B0AA00FAB551 /* pop1.m4a in Resources */,
				5031F3BD1B15B72D00FAB551 /* Heavy Drag.caf in Resources */,
				5031F3C11B15B74E00FAB551 /* Turntable Scratch 2.caf in Resources */,
				6C929A371AE54E3E00E71811 /* art.scnassets in Resources */,
				5031F3C51B15B77F00FAB551 /* Air Reverse Burst 2.caf in Resources */,
				5031F3CD1B15B87C00FAB551 /* Body Hit 01.caf in Resources */,
				6CAFB6771B1734C2006A1BA0 /* Pop.m4a in Resources */,
				6C8F11D21B1C1E04009F49DB /* Main.storyboard in Resources */,
				5031F3B91B15B25C00FAB551 /* Air Pressure Blast 1.caf in Resources */,
				6CB6A1A41B0D311E00136DCF /* icons.xcassets in Resources */,
				5031F3B51B15B0AA00FAB551 /* pop2.m4a in Resources */,
				6C929A0A1AE5497900E71811 /* MainMenu.xib in Resources */,
				5031F3C91B15B85100FAB551 /* Baseball Catch.caf in Resources */,
			);
			runOnlyForDeploymentPostprocessing = 0;
		};
		6C929A0D1AE5497900E71811 /* Resources */ = {
			isa = PBXResourcesBuildPhase;
			buildActionMask = 2147483647;
			files = (
			);
			runOnlyForDeploymentPostprocessing = 0;
		};
/* End PBXResourcesBuildPhase section */

/* Begin PBXSourcesBuildPhase section */
		6C73A89A1B0A66E300187A61 /* Sources */ = {
			isa = PBXSourcesBuildPhase;
			buildActionMask = 2147483647;
			files = (
				50B563EF1B13A7F2008AB47D /* SCNNode-extension.swift in Sources */,
				6C73A8A71B0A66E300187A61 /* GameScene.swift in Sources */,
				6C73A8CF1B0A6C8C00187A61 /* RMXNode.swift in Sources */,
				6C73A8E71B0A75DF00187A61 /* RMXScene.swift in Sources */,
				6C73A8D21B0A6C9600187A61 /* RMSMaths.swift in Sources */,
				6C73A8CA1B0A6BE400187A61 /* RMSWorld.swift in Sources */,
				50DE71F21B1B3A22007C0851 /* UserActions.swift in Sources */,
				6C73A8C61B0A6BBB00187A61 /* RMSActionProcessor.swift in Sources */,
				50AC218D1B17AABA00A9BD28 /* TeamGame.swift in Sources */,
				6C73A8DC1B0A6E6D00187A61 /* 2dModels.swift in Sources */,
				6C73A8D11B0A6C9600187A61 /* RMSEquations.swift in Sources */,
				6CAFB6741B170FB2006A1BA0 /* RMXAudioVideo.swift in Sources */,
				50BF10801B16030D00680768 /* RMXTracker.swift in Sources */,
				6C73A8C81B0A6BC300187A61 /* RMXInterface.swift in Sources */,
				6C73A8A91B0A66E300187A61 /* GameViewController.swift in Sources */,
				6C73A8CB1B0A6BE700187A61 /* ChildSpriteArray.swift in Sources */,
				6C73A8A31B0A66E300187A61 /* AppDelegate.swift in Sources */,
				6C73A8E21B0A6FA600187A61 /* RMXController.swift in Sources */,
				6C8CCAF61B0B5EF800D8DC99 /* RMXAi.swift in Sources */,
				6C73A8D81B0A6CB300187A61 /* RMXViewController.swift in Sources */,
				6C73A8E11B0A6EAC00187A61 /* RMXModels.swift in Sources */,
				6C73A8E81B0A7C5200187A61 /* RMXInitialize.swift in Sources */,
				6C73A8E31B0A70D700187A61 /* RMXCamera.swift in Sources */,
				6C73A8D41B0A6C9600187A61 /* RMXDebugger.swift in Sources */,
				6C73A8D61B0A6C9600187A61 /* RMXValue.swift in Sources */,
				6C73A8D31B0A6C9600187A61 /* RMX.swift in Sources */,
				6C73A8D51B0A6C9600187A61 /* RMXQuestions.swift in Sources */,
				5031F3AD1B15AC4800FAB551 /* RMXCollider.swift in Sources */,
			);
			runOnlyForDeploymentPostprocessing = 0;
		};
		6C73A8B21B0A66E300187A61 /* Sources */ = {
			isa = PBXSourcesBuildPhase;
			buildActionMask = 2147483647;
			files = (
				6C73A8BD1B0A66E300187A61 /* AiSpriteTests.swift in Sources */,
			);
			runOnlyForDeploymentPostprocessing = 0;
		};
		6C9299871AE5432000E71811 /* Sources */ = {
			isa = PBXSourcesBuildPhase;
			buildActionMask = 2147483647;
			files = (
				6C9299EB1AE544C000E71811 /* iOSControllers.swift in Sources */,
				6C8F11D01B1C1D8E009F49DB /* GCViewController.swift in Sources */,
				6C9299DA1AE544C000E71811 /* RMSWorld.swift in Sources */,
				6C9299EA1AE544C000E71811 /* Accelorometer.swift in Sources */,
				6C9299F51AE5467000E71811 /* AppDelegate.swift in Sources */,
				6C9299DE1AE544C000E71811 /* RM3DEntity.swift in Sources */,
				6C9299E11AE544C000E71811 /* RMX.swift in Sources */,
				6C8F11C31B1C193E009F49DB /* RMGameKit.swift in Sources */,
				5031F3AB1B15AC4800FAB551 /* RMXCollider.swift in Sources */,
				6C9299E51AE544C000E71811 /* GameView.swift in Sources */,
				6C9299DB1AE544C000E71811 /* RMXCamera.swift in Sources */,
				6C9299E91AE544C000E71811 /* RMXViewController.swift in Sources */,
				6C9299DF1AE544C000E71811 /* RMSEquations.swift in Sources */,
				6C9299DD1AE544C000E71811 /* RMXNode.swift in Sources */,
				6C9299E61AE544C000E71811 /* GameViewController.swift in Sources */,
				6C4A28841B049FF9001C3F5B /* Observers.swift in Sources */,
				50B563ED1B13A7F2008AB47D /* SCNNode-extension.swift in Sources */,
				6C9299D71AE544C000E71811 /* 3dModels.swift in Sources */,
				6C9299DC1AE544C000E71811 /* RMXClock.swift in Sources */,
				50BF107E1B16030D00680768 /* RMXTracker.swift in Sources */,
				6CAFB6721B170FB2006A1BA0 /* RMXAudioVideo.swift in Sources */,
				6C9299E71AE544C000E71811 /* RMXInitialize.swift in Sources */,
				6C6DD1A61B10C7F300107FAD /* AiCubo Basic.swift in Sources */,
				50AC218B1B17AABA00A9BD28 /* TeamGame.swift in Sources */,
				6C73A8DF1B0A6E8000187A61 /* RMXModels.swift in Sources */,
				6C9299EC1AE544C000E71811 /* RMSActionProcessor.swift in Sources */,
				6C9299EF1AE544C000E71811 /* RMXInterface.swift in Sources */,
				6C206C521B25911C00D83CC0 /* RMXSprite.swift in Sources */,
				6C9299D81AE544C000E71811 /* RMSArt.swift in Sources */,
				6C206C471B258B2C00D83CC0 /* RMXAiDelegate.swift in Sources */,
				6C9299E41AE544C000E71811 /* RMXValue.swift in Sources */,
				6CB6A1A31B0D267100136DCF /* Buttons.swift in Sources */,
				6C73A8E51B0A75DC00187A61 /* RMXScene.swift in Sources */,
				6C9299E21AE544C000E71811 /* RMXDebugger.swift in Sources */,
				50DE71F01B1B390C007C0851 /* UserActions.swift in Sources */,
				6C9299EE1AE544C000E71811 /* RMXDPad.swift in Sources */,
				6C9299E81AE544C000E71811 /* RMXController.swift in Sources */,
				6CAE15511B1C5E950025B208 /* RMXSpriteTimer.swift in Sources */,
				6C8CCAF41B0B5E3000D8DC99 /* RMXAi.swift in Sources */,
				6C9299F31AE5457700E71811 /* ChildSpriteArray.swift in Sources */,
				6C206C3C1B2586AF00D83CC0 /* RMXSceneKit.swift in Sources */,
				6C9299E01AE544C000E71811 /* RMSMaths.swift in Sources */,
				6C9299E31AE544C000E71811 /* RMXQuestions.swift in Sources */,
			);
			runOnlyForDeploymentPostprocessing = 0;
		};
		6C92999E1AE5432100E71811 /* Sources */ = {
			isa = PBXSourcesBuildPhase;
			buildActionMask = 2147483647;
			files = (
				6C9299A91AE5432100E71811 /* AiSceneTests.swift in Sources */,
			);
			runOnlyForDeploymentPostprocessing = 0;
		};
		6C9299F61AE5497800E71811 /* Sources */ = {
			isa = PBXSourcesBuildPhase;
			buildActionMask = 2147483647;
			files = (
				6C929A1D1AE5499900E71811 /* GameView.swift in Sources */,
				6C8CCAF51B0B5EF800D8DC99 /* RMXAi.swift in Sources */,
				50BF107F1B16030D00680768 /* RMXTracker.swift in Sources */,
				5031F3AC1B15AC4800FAB551 /* RMXCollider.swift in Sources */,
				6C73A8E61B0A75DE00187A61 /* RMXScene.swift in Sources */,
				6C929A201AE5499D00E71811 /* ChildSpriteArray.swift in Sources */,
				6C929A251AE5499D00E71811 /* RMXCamera.swift in Sources */,
				6C929A301AE549A600E71811 /* RMXInterface.swift in Sources */,
				50DE71F11B1B3A21007C0851 /* UserActions.swift in Sources */,
				6CAFB6731B170FB2006A1BA0 /* RMXAudioVideo.swift in Sources */,
				6C929A211AE5499D00E71811 /* 3dModels.swift in Sources */,
				6C929A271AE5499D00E71811 /* RMXNode.swift in Sources */,
				6CAE15521B1C5E950025B208 /* RMXSpriteTimer.swift in Sources */,
				6C8F11D11B1C1D8E009F49DB /* GCViewController.swift in Sources */,
				6C929A1E1AE5499900E71811 /* GameViewController.swift in Sources */,
				6C929A361AE54DCA00E71811 /* RMXValue.swift in Sources */,
				50B563EE1B13A7F2008AB47D /* SCNNode-extension.swift in Sources */,
				6C929A241AE5499D00E71811 /* RMSWorld.swift in Sources */,
				6C206C481B258B6400D83CC0 /* RMXAiDelegate.swift in Sources */,
				6C929A2A1AE549A300E71811 /* RMXViewController.swift in Sources */,
				50AC218C1B17AABA00A9BD28 /* TeamGame.swift in Sources */,
				6C929A331AE54DCA00E71811 /* RMX.swift in Sources */,
				6C73A8E01B0A6EAB00187A61 /* RMXModels.swift in Sources */,
				6C4A28851B049FF9001C3F5B /* Observers.swift in Sources */,
				6C8F11CE1B1C1A49009F49DB /* RMGameKit.swift in Sources */,
				6C929A321AE54DCA00E71811 /* RMSMaths.swift in Sources */,
				6C9299FF1AE5497800E71811 /* AppDelegate.swift in Sources */,
				6C929A281AE5499D00E71811 /* RM3DEntity.swift in Sources */,
				6C6DD1A71B10CA8800107FAD /* AiCubo Basic.swift in Sources */,
				6C929A261AE5499D00E71811 /* RMXClock.swift in Sources */,
				6C929A291AE549A300E71811 /* RMXController.swift in Sources */,
				6C929A341AE54DCA00E71811 /* RMXDebugger.swift in Sources */,
				6C206C531B25911C00D83CC0 /* RMXSprite.swift in Sources */,
				6C206C491B258BDD00D83CC0 /* RMXSceneKit.swift in Sources */,
				6C929A1F1AE5499900E71811 /* RMXInitialize.swift in Sources */,
				6C929A2D1AE549A600E71811 /* RMSActionProcessor.swift in Sources */,
				6C929A311AE54DCA00E71811 /* RMSEquations.swift in Sources */,
				6C929A2E1AE549A600E71811 /* RMSKeys.swift in Sources */,
				6C929A351AE54DCA00E71811 /* RMXQuestions.swift in Sources */,
				6C929A221AE5499D00E71811 /* RMSArt.swift in Sources */,
			);
			runOnlyForDeploymentPostprocessing = 0;
		};
		6C929A0B1AE5497900E71811 /* Sources */ = {
			isa = PBXSourcesBuildPhase;
			buildActionMask = 2147483647;
			files = (
				6C929A161AE5497900E71811 /* AiScene_OSXTests.swift in Sources */,
			);
			runOnlyForDeploymentPostprocessing = 0;
		};
/* End PBXSourcesBuildPhase section */

/* Begin PBXTargetDependency section */
		6C73A8B81B0A66E300187A61 /* PBXTargetDependency */ = {
			isa = PBXTargetDependency;
			target = 6C73A89D1B0A66E300187A61 /* AiSprite */;
			targetProxy = 6C73A8B71B0A66E300187A61 /* PBXContainerItemProxy */;
		};
		6C9299A41AE5432100E71811 /* PBXTargetDependency */ = {
			isa = PBXTargetDependency;
			target = 6C92998A1AE5432000E71811 /* AiScene */;
			targetProxy = 6C9299A31AE5432100E71811 /* PBXContainerItemProxy */;
		};
		6C929A111AE5497900E71811 /* PBXTargetDependency */ = {
			isa = PBXTargetDependency;
			target = 6C9299F91AE5497800E71811 /* AiScene-OSX */;
			targetProxy = 6C929A101AE5497900E71811 /* PBXContainerItemProxy */;
		};
/* End PBXTargetDependency section */

/* Begin PBXVariantGroup section */
		6C73A8AA1B0A66E300187A61 /* Main.storyboard */ = {
			isa = PBXVariantGroup;
			children = (
				6C73A8AB1B0A66E300187A61 /* Base */,
			);
			name = Main.storyboard;
			sourceTree = "<group>";
		};
		6C73A8AF1B0A66E300187A61 /* LaunchScreen.xib */ = {
			isa = PBXVariantGroup;
			children = (
				6C73A8B01B0A66E300187A61 /* Base */,
			);
			name = LaunchScreen.xib;
			sourceTree = "<group>";
		};
		6C9299961AE5432000E71811 /* Main.storyboard */ = {
			isa = PBXVariantGroup;
			children = (
				6C9299971AE5432000E71811 /* Base */,
			);
			name = Main.storyboard;
			sourceTree = "<group>";
		};
		6C92999B1AE5432000E71811 /* LaunchScreen.xib */ = {
			isa = PBXVariantGroup;
			children = (
				6C92999C1AE5432000E71811 /* Base */,
			);
			name = LaunchScreen.xib;
			sourceTree = "<group>";
		};
		6C929A081AE5497900E71811 /* MainMenu.xib */ = {
			isa = PBXVariantGroup;
			children = (
				6C929A091AE5497900E71811 /* Base */,
			);
			name = MainMenu.xib;
			sourceTree = "<group>";
		};
/* End PBXVariantGroup section */

/* Begin XCBuildConfiguration section */
		6C73A8BE1B0A66E300187A61 /* Debug */ = {
			isa = XCBuildConfiguration;
			buildSettings = {
				ASSETCATALOG_COMPILER_APPICON_NAME = AppIcon;
				GCC_PREPROCESSOR_DEFINITIONS = (
					"DEBUG=1",
					"$(inherited)",
				);
				INFOPLIST_FILE = AiSprite/Info.plist;
				LD_RUNPATH_SEARCH_PATHS = "$(inherited) @executable_path/Frameworks";
				OTHER_SWIFT_FLAGS = "-DiOS -DSpriteKit";
				PRODUCT_NAME = "$(TARGET_NAME)";
			};
			name = Debug;
		};
		6C73A8BF1B0A66E300187A61 /* Release */ = {
			isa = XCBuildConfiguration;
			buildSettings = {
				ASSETCATALOG_COMPILER_APPICON_NAME = AppIcon;
				INFOPLIST_FILE = AiSprite/Info.plist;
				LD_RUNPATH_SEARCH_PATHS = "$(inherited) @executable_path/Frameworks";
				OTHER_SWIFT_FLAGS = "-DiOS -DSpriteKit";
				PRODUCT_NAME = "$(TARGET_NAME)";
			};
			name = Release;
		};
		6C73A8C01B0A66E300187A61 /* Debug */ = {
			isa = XCBuildConfiguration;
			buildSettings = {
				BUNDLE_LOADER = "$(TEST_HOST)";
				FRAMEWORK_SEARCH_PATHS = (
					"$(SDKROOT)/Developer/Library/Frameworks",
					"$(inherited)",
				);
				GCC_PREPROCESSOR_DEFINITIONS = (
					"DEBUG=1",
					"$(inherited)",
				);
				INFOPLIST_FILE = AiSpriteTests/Info.plist;
				LD_RUNPATH_SEARCH_PATHS = "$(inherited) @executable_path/Frameworks @loader_path/Frameworks";
				PRODUCT_NAME = "$(TARGET_NAME)";
				TEST_HOST = "$(BUILT_PRODUCTS_DIR)/AiSprite.app/AiSprite";
			};
			name = Debug;
		};
		6C73A8C11B0A66E300187A61 /* Release */ = {
			isa = XCBuildConfiguration;
			buildSettings = {
				BUNDLE_LOADER = "$(TEST_HOST)";
				FRAMEWORK_SEARCH_PATHS = (
					"$(SDKROOT)/Developer/Library/Frameworks",
					"$(inherited)",
				);
				INFOPLIST_FILE = AiSpriteTests/Info.plist;
				LD_RUNPATH_SEARCH_PATHS = "$(inherited) @executable_path/Frameworks @loader_path/Frameworks";
				PRODUCT_NAME = "$(TARGET_NAME)";
				TEST_HOST = "$(BUILT_PRODUCTS_DIR)/AiSprite.app/AiSprite";
			};
			name = Release;
		};
		6C9299AA1AE5432100E71811 /* Debug */ = {
			isa = XCBuildConfiguration;
			buildSettings = {
				ALWAYS_SEARCH_USER_PATHS = NO;
				CLANG_CXX_LANGUAGE_STANDARD = "gnu++0x";
				CLANG_CXX_LIBRARY = "libc++";
				CLANG_ENABLE_MODULES = YES;
				CLANG_ENABLE_OBJC_ARC = YES;
				CLANG_WARN_BOOL_CONVERSION = YES;
				CLANG_WARN_CONSTANT_CONVERSION = YES;
				CLANG_WARN_DIRECT_OBJC_ISA_USAGE = YES_ERROR;
				CLANG_WARN_EMPTY_BODY = YES;
				CLANG_WARN_ENUM_CONVERSION = YES;
				CLANG_WARN_INT_CONVERSION = YES;
				CLANG_WARN_OBJC_ROOT_CLASS = YES_ERROR;
				CLANG_WARN_UNREACHABLE_CODE = YES;
				CLANG_WARN__DUPLICATE_METHOD_MATCH = YES;
				"CODE_SIGN_IDENTITY[sdk=iphoneos*]" = "iPhone Developer";
				COPY_PHASE_STRIP = NO;
				DEBUG_INFORMATION_FORMAT = "dwarf-with-dsym";
				ENABLE_STRICT_OBJC_MSGSEND = YES;
				GCC_C_LANGUAGE_STANDARD = gnu99;
				GCC_DYNAMIC_NO_PIC = NO;
				GCC_NO_COMMON_BLOCKS = YES;
				GCC_OPTIMIZATION_LEVEL = 0;
				GCC_PREPROCESSOR_DEFINITIONS = (
					"DEBUG=1",
					"$(inherited)",
				);
				GCC_SYMBOLS_PRIVATE_EXTERN = NO;
				GCC_WARN_64_TO_32_BIT_CONVERSION = YES;
				GCC_WARN_ABOUT_RETURN_TYPE = YES_ERROR;
				GCC_WARN_UNDECLARED_SELECTOR = YES;
				GCC_WARN_UNINITIALIZED_AUTOS = YES_AGGRESSIVE;
				GCC_WARN_UNUSED_FUNCTION = YES;
				GCC_WARN_UNUSED_VARIABLE = YES;
				IPHONEOS_DEPLOYMENT_TARGET = 8.3;
				MTL_ENABLE_DEBUG_INFO = YES;
				ONLY_ACTIVE_ARCH = YES;
				SDKROOT = iphoneos;
				SWIFT_OPTIMIZATION_LEVEL = "-Onone";
				TARGETED_DEVICE_FAMILY = "1,2";
			};
			name = Debug;
		};
		6C9299AB1AE5432100E71811 /* Release */ = {
			isa = XCBuildConfiguration;
			buildSettings = {
				ALWAYS_SEARCH_USER_PATHS = NO;
				CLANG_CXX_LANGUAGE_STANDARD = "gnu++0x";
				CLANG_CXX_LIBRARY = "libc++";
				CLANG_ENABLE_MODULES = YES;
				CLANG_ENABLE_OBJC_ARC = YES;
				CLANG_WARN_BOOL_CONVERSION = YES;
				CLANG_WARN_CONSTANT_CONVERSION = YES;
				CLANG_WARN_DIRECT_OBJC_ISA_USAGE = YES_ERROR;
				CLANG_WARN_EMPTY_BODY = YES;
				CLANG_WARN_ENUM_CONVERSION = YES;
				CLANG_WARN_INT_CONVERSION = YES;
				CLANG_WARN_OBJC_ROOT_CLASS = YES_ERROR;
				CLANG_WARN_UNREACHABLE_CODE = YES;
				CLANG_WARN__DUPLICATE_METHOD_MATCH = YES;
				"CODE_SIGN_IDENTITY[sdk=iphoneos*]" = "iPhone Developer";
				COPY_PHASE_STRIP = NO;
				DEBUG_INFORMATION_FORMAT = "dwarf-with-dsym";
				ENABLE_NS_ASSERTIONS = NO;
				ENABLE_STRICT_OBJC_MSGSEND = YES;
				GCC_C_LANGUAGE_STANDARD = gnu99;
				GCC_NO_COMMON_BLOCKS = YES;
				GCC_WARN_64_TO_32_BIT_CONVERSION = YES;
				GCC_WARN_ABOUT_RETURN_TYPE = YES_ERROR;
				GCC_WARN_UNDECLARED_SELECTOR = YES;
				GCC_WARN_UNINITIALIZED_AUTOS = YES_AGGRESSIVE;
				GCC_WARN_UNUSED_FUNCTION = YES;
				GCC_WARN_UNUSED_VARIABLE = YES;
				IPHONEOS_DEPLOYMENT_TARGET = 8.3;
				MTL_ENABLE_DEBUG_INFO = NO;
				SDKROOT = iphoneos;
				TARGETED_DEVICE_FAMILY = "1,2";
				VALIDATE_PRODUCT = YES;
			};
			name = Release;
		};
		6C9299AD1AE5432100E71811 /* Debug */ = {
			isa = XCBuildConfiguration;
			buildSettings = {
				ASSETCATALOG_COMPILER_APPICON_NAME = "AppIcon-1";
				CODE_SIGN_IDENTITY = "iPhone Developer";
				"CODE_SIGN_IDENTITY[sdk=iphoneos*]" = "iPhone Developer";
				INFOPLIST_FILE = AiScene/Info.plist;
				LD_RUNPATH_SEARCH_PATHS = "$(inherited) @executable_path/Frameworks";
				OTHER_SWIFT_FLAGS = "-DSceneKit -DiOS";
				PRODUCT_NAME = "$(TARGET_NAME)";
				PROVISIONING_PROFILE = "";
			};
			name = Debug;
		};
		6C9299AE1AE5432100E71811 /* Release */ = {
			isa = XCBuildConfiguration;
			buildSettings = {
				ASSETCATALOG_COMPILER_APPICON_NAME = "AppIcon-1";
				CODE_SIGN_IDENTITY = "iPhone Developer";
				"CODE_SIGN_IDENTITY[sdk=iphoneos*]" = "iPhone Developer";
				INFOPLIST_FILE = AiScene/Info.plist;
				LD_RUNPATH_SEARCH_PATHS = "$(inherited) @executable_path/Frameworks";
				OTHER_SWIFT_FLAGS = "-DSceneKit -DiOS";
				PRODUCT_NAME = "$(TARGET_NAME)";
				PROVISIONING_PROFILE = "";
			};
			name = Release;
		};
		6C9299B01AE5432100E71811 /* Debug */ = {
			isa = XCBuildConfiguration;
			buildSettings = {
				BUNDLE_LOADER = "$(TEST_HOST)";
				FRAMEWORK_SEARCH_PATHS = (
					"$(SDKROOT)/Developer/Library/Frameworks",
					"$(inherited)",
				);
				GCC_PREPROCESSOR_DEFINITIONS = (
					"DEBUG=1",
					"$(inherited)",
				);
				INFOPLIST_FILE = AiSceneTests/Info.plist;
				LD_RUNPATH_SEARCH_PATHS = "$(inherited) @executable_path/Frameworks @loader_path/Frameworks";
				PRODUCT_NAME = "$(TARGET_NAME)";
				TEST_HOST = "$(BUILT_PRODUCTS_DIR)/AiScene.app/AiScene";
			};
			name = Debug;
		};
		6C9299B11AE5432100E71811 /* Release */ = {
			isa = XCBuildConfiguration;
			buildSettings = {
				BUNDLE_LOADER = "$(TEST_HOST)";
				FRAMEWORK_SEARCH_PATHS = (
					"$(SDKROOT)/Developer/Library/Frameworks",
					"$(inherited)",
				);
				INFOPLIST_FILE = AiSceneTests/Info.plist;
				LD_RUNPATH_SEARCH_PATHS = "$(inherited) @executable_path/Frameworks @loader_path/Frameworks";
				PRODUCT_NAME = "$(TARGET_NAME)";
				TEST_HOST = "$(BUILT_PRODUCTS_DIR)/AiScene.app/AiScene";
			};
			name = Release;
		};
		6C929A181AE5497900E71811 /* Debug */ = {
			isa = XCBuildConfiguration;
			buildSettings = {
				ASSETCATALOG_COMPILER_APPICON_NAME = "AppIcon-1";
				CODE_SIGN_IDENTITY = "Developer ID Application";
				"CODE_SIGN_IDENTITY[sdk=macosx*]" = "Mac Developer";
				COMBINE_HIDPI_IMAGES = YES;
				DEBUG_INFORMATION_FORMAT = dwarf;
				GCC_PREPROCESSOR_DEFINITIONS = (
					"DEBUG=1",
					"$(inherited)",
				);
				INFOPLIST_FILE = "AiScene-OSX/Info.plist";
				LD_RUNPATH_SEARCH_PATHS = "$(inherited) @executable_path/../Frameworks";
				MACOSX_DEPLOYMENT_TARGET = 10.9;
				OTHER_SWIFT_FLAGS = "-DOSX -DDEBUG";
				PRODUCT_NAME = "$(TARGET_NAME)";
				PROVISIONING_PROFILE = "";
				SDKROOT = macosx;
			};
			name = Debug;
		};
		6C929A191AE5497900E71811 /* Release */ = {
			isa = XCBuildConfiguration;
			buildSettings = {
				ASSETCATALOG_COMPILER_APPICON_NAME = "AppIcon-1";
				CODE_SIGN_IDENTITY = "Developer ID Application";
				"CODE_SIGN_IDENTITY[sdk=macosx*]" = "Mac Developer";
				COMBINE_HIDPI_IMAGES = YES;
				INFOPLIST_FILE = "AiScene-OSX/Info.plist";
				LD_RUNPATH_SEARCH_PATHS = "$(inherited) @executable_path/../Frameworks";
				MACOSX_DEPLOYMENT_TARGET = 10.9;
				OTHER_SWIFT_FLAGS = "-DOSX";
				PRODUCT_NAME = "$(TARGET_NAME)";
				PROVISIONING_PROFILE = "";
				SDKROOT = macosx;
			};
			name = Release;
		};
		6C929A1B1AE5497900E71811 /* Debug */ = {
			isa = XCBuildConfiguration;
			buildSettings = {
				BUNDLE_LOADER = "$(TEST_HOST)";
				COMBINE_HIDPI_IMAGES = YES;
				DEBUG_INFORMATION_FORMAT = dwarf;
				FRAMEWORK_SEARCH_PATHS = (
					"$(DEVELOPER_FRAMEWORKS_DIR)",
					"$(inherited)",
				);
				GCC_PREPROCESSOR_DEFINITIONS = (
					"DEBUG=1",
					"$(inherited)",
				);
				INFOPLIST_FILE = "AiScene-OSXTests/Info.plist";
				LD_RUNPATH_SEARCH_PATHS = "$(inherited) @executable_path/../Frameworks @loader_path/../Frameworks";
				MACOSX_DEPLOYMENT_TARGET = 10.10;
				PRODUCT_NAME = "$(TARGET_NAME)";
				SDKROOT = macosx;
				TEST_HOST = "$(BUILT_PRODUCTS_DIR)/AiScene-OSX.app/Contents/MacOS/AiScene-OSX";
			};
			name = Debug;
		};
		6C929A1C1AE5497900E71811 /* Release */ = {
			isa = XCBuildConfiguration;
			buildSettings = {
				BUNDLE_LOADER = "$(TEST_HOST)";
				COMBINE_HIDPI_IMAGES = YES;
				FRAMEWORK_SEARCH_PATHS = (
					"$(DEVELOPER_FRAMEWORKS_DIR)",
					"$(inherited)",
				);
				INFOPLIST_FILE = "AiScene-OSXTests/Info.plist";
				LD_RUNPATH_SEARCH_PATHS = "$(inherited) @executable_path/../Frameworks @loader_path/../Frameworks";
				MACOSX_DEPLOYMENT_TARGET = 10.10;
				PRODUCT_NAME = "$(TARGET_NAME)";
				SDKROOT = macosx;
				TEST_HOST = "$(BUILT_PRODUCTS_DIR)/AiScene-OSX.app/Contents/MacOS/AiScene-OSX";
			};
			name = Release;
		};
/* End XCBuildConfiguration section */

/* Begin XCConfigurationList section */
		6C73A8C21B0A66E300187A61 /* Build configuration list for PBXNativeTarget "AiSprite" */ = {
			isa = XCConfigurationList;
			buildConfigurations = (
				6C73A8BE1B0A66E300187A61 /* Debug */,
				6C73A8BF1B0A66E300187A61 /* Release */,
			);
			defaultConfigurationIsVisible = 0;
			defaultConfigurationName = Release;
		};
		6C73A8C31B0A66E300187A61 /* Build configuration list for PBXNativeTarget "AiSpriteTests" */ = {
			isa = XCConfigurationList;
			buildConfigurations = (
				6C73A8C01B0A66E300187A61 /* Debug */,
				6C73A8C11B0A66E300187A61 /* Release */,
			);
			defaultConfigurationIsVisible = 0;
			defaultConfigurationName = Release;
		};
		6C9299861AE5432000E71811 /* Build configuration list for PBXProject "AiScene" */ = {
			isa = XCConfigurationList;
			buildConfigurations = (
				6C9299AA1AE5432100E71811 /* Debug */,
				6C9299AB1AE5432100E71811 /* Release */,
			);
			defaultConfigurationIsVisible = 0;
			defaultConfigurationName = Release;
		};
		6C9299AC1AE5432100E71811 /* Build configuration list for PBXNativeTarget "AiScene" */ = {
			isa = XCConfigurationList;
			buildConfigurations = (
				6C9299AD1AE5432100E71811 /* Debug */,
				6C9299AE1AE5432100E71811 /* Release */,
			);
			defaultConfigurationIsVisible = 0;
			defaultConfigurationName = Release;
		};
		6C9299AF1AE5432100E71811 /* Build configuration list for PBXNativeTarget "AiSceneTests" */ = {
			isa = XCConfigurationList;
			buildConfigurations = (
				6C9299B01AE5432100E71811 /* Debug */,
				6C9299B11AE5432100E71811 /* Release */,
			);
			defaultConfigurationIsVisible = 0;
			defaultConfigurationName = Release;
		};
		6C929A171AE5497900E71811 /* Build configuration list for PBXNativeTarget "AiScene-OSX" */ = {
			isa = XCConfigurationList;
			buildConfigurations = (
				6C929A181AE5497900E71811 /* Debug */,
				6C929A191AE5497900E71811 /* Release */,
			);
			defaultConfigurationIsVisible = 0;
			defaultConfigurationName = Release;
		};
		6C929A1A1AE5497900E71811 /* Build configuration list for PBXNativeTarget "AiScene-OSXTests" */ = {
			isa = XCConfigurationList;
			buildConfigurations = (
				6C929A1B1AE5497900E71811 /* Debug */,
				6C929A1C1AE5497900E71811 /* Release */,
			);
			defaultConfigurationIsVisible = 0;
			defaultConfigurationName = Release;
		};
/* End XCConfigurationList section */
	};
	rootObject = 6C9299831AE5432000E71811 /* Project object */;
}
